
Microsoft Visual Studio Solution File, Format Version 12.00
# Visual Studio 15
VisualStudioVersion = 15.0.27428.2005
MinimumVisualStudioVersion = 10.0.40219.1
Project("{8BC9CEB8-8B4A-11D0-8D11-00A0C91BC942}") = "c zhizhen", "..\ConsoleApplication13\ConsoleApplication13\ConsoleApplication13.vcxproj", "{264E8749-A734-4925-A78D-442103565841}"
EndProject
Project("{8BC9CEB8-8B4A-11D0-8D11-00A0C91BC942}") = "c dictionary", "..\ConsoleApplication17\ConsoleApplication17.vcxproj", "{45A86BD0-CFB8-4E49-91B6-E2EB275760FB}"
EndProject
Project("{8BC9CEB8-8B4A-11D0-8D11-00A0C91BC942}") = "acepted uva1339 deciper", "..\ConsoleApplication23\ConsoleApplication23.vcxproj", "{DE15FC67-1CF5-42C1-96BE-7E2B80E7AE43}"
EndProject
Project("{8BC9CEB8-8B4A-11D0-8D11-00A0C91BC942}") = "accepted uva 489 hangmanjudge", "ConsoleApplication3\ConsoleApplication3.vcxproj", "{85BBBD14-F2DA-4374-969D-A1712B664702}"
EndProject
Project("{8BC9CEB8-8B4A-11D0-8D11-00A0C91BC942}") = "uva find squares not finished", "ConsoleApplication4\ConsoleApplication4.vcxproj", "{FDD9C48F-E6EF-48A7-A3AC-DE633314F167}"
EndProject
Project("{8BC9CEB8-8B4A-11D0-8D11-00A0C91BC942}") = "uva201", "ConsoleApplication5\ConsoleApplication5.vcxproj", "{68E293F7-FFBE-48DE-89D4-1C7BF6E5DC31}"
EndProject
Project("{8BC9CEB8-8B4A-11D0-8D11-00A0C91BC942}") = "uva509", "ConsoleApplication6\ConsoleApplication6.vcxproj", "{A8507D39-7F33-4783-9C13-ED520452ABD2}"
EndProject
Project("{8BC9CEB8-8B4A-11D0-8D11-00A0C91BC942}") = "uva1593", "ConsoleApplication7\ConsoleApplication7.vcxproj", "{D923C9C1-3AC1-4031-ACC7-F7C0680DB236}"
EndProject
Project("{8BC9CEB8-8B4A-11D0-8D11-00A0C91BC942}") = "uva10935", "ConsoleApplication8\ConsoleApplication8.vcxproj", "{E62B22DA-317F-438D-BFDE-9E0967CBF768}"
EndProject
Project("{8BC9CEB8-8B4A-11D0-8D11-00A0C91BC942}") = "accepted uva1594 ducci sequence", "ConsoleApplication10\ConsoleApplication10.vcxproj", "{246F858B-F6C0-4464-845F-3FCFB8DEECD3}"
EndProject
Project("{8BC9CEB8-8B4A-11D0-8D11-00A0C91BC942}") = "uva 1595", "ConsoleApplication9\ConsoleApplication9.vcxproj", "{0BB53BFA-044E-4EC1-A44E-DDF49EF1A992}"
EndProject
Project("{8BC9CEB8-8B4A-11D0-8D11-00A0C91BC942}") = "uva 1597 web search  not finished", "ConsoleApplication11\ConsoleApplication11.vcxproj", "{ED4C4ABF-1841-4AE7-88A5-52D13BADBEDA}"
EndProject
Project("{8BC9CEB8-8B4A-11D0-8D11-00A0C91BC942}") = "uva 12333 fabonaci too slow", "ConsoleApplication12\ConsoleApplication12.vcxproj", "{5776E35E-5B79-4382-95BF-117D338EEAED}"
EndProject
Project("{8BC9CEB8-8B4A-11D0-8D11-00A0C91BC942}") = "uva 122 not finished", "ConsoleApplication14\ConsoleApplication14.vcxproj", "{F361906B-F5A9-48F4-8543-A7C8FA36E4A7}"
EndProject
Project("{8BC9CEB8-8B4A-11D0-8D11-00A0C91BC942}") = "ConsoleApplication15", "ConsoleApplication15\ConsoleApplication15.vcxproj", "{A3F84171-6A79-4851-9771-8E30A5F72011}"
EndProject
Project("{8BC9CEB8-8B4A-11D0-8D11-00A0C91BC942}") = "summer1", "ConsoleApplication16\ConsoleApplication16.vcxproj", "{ABB487D1-CEB4-43A3-B400-DCF3F5F1CCF1}"
EndProject
Project("{8BC9CEB8-8B4A-11D0-8D11-00A0C91BC942}") = "summer2", "ConsoleApplication18\ConsoleApplication18.vcxproj", "{AD5A358F-A098-4528-9FA5-64FE2CE4A46E}"
EndProject
Project("{8BC9CEB8-8B4A-11D0-8D11-00A0C91BC942}") = "summer3", "ConsoleApplication19\ConsoleApplication19.vcxproj", "{AB748DFF-83E5-4945-8648-5E475EB2183E}"
EndProject
Project("{8BC9CEB8-8B4A-11D0-8D11-00A0C91BC942}") = "ConsoleApplication20", "ConsoleApplication20\ConsoleApplication20.vcxproj", "{CAA852D8-7E52-4F72-A948-233B2A1CAA81}"
EndProject
Project("{8BC9CEB8-8B4A-11D0-8D11-00A0C91BC942}") = "summer4", "ConsoleApplication21\ConsoleApplication21.vcxproj", "{FA54671B-85AA-4F85-8BFD-52670F219FBD}"
EndProject
Project("{8BC9CEB8-8B4A-11D0-8D11-00A0C91BC942}") = "summer5", "summer5\summer5.vcxproj", "{E9CC0815-9CC8-4B72-B530-3CE80C443141}"
EndProject
Project("{8BC9CEB8-8B4A-11D0-8D11-00A0C91BC942}") = "summer6", "summer6\summer6.vcxproj", "{4E11A337-AB4D-46DF-A877-11EAE9AE1470}"
EndProject
Project("{8BC9CEB8-8B4A-11D0-8D11-00A0C91BC942}") = "summer7", "summer7\summer7.vcxproj", "{D0311C8C-A2D0-4B82-9EF7-AF2B74B87704}"
EndProject
Project("{8BC9CEB8-8B4A-11D0-8D11-00A0C91BC942}") = "summer8", "summer8\summer8.vcxproj", "{7E40EBFC-98D5-4935-9153-AF5204E5AADA}"
EndProject
Project("{8BC9CEB8-8B4A-11D0-8D11-00A0C91BC942}") = "summer10", "summer10\summer10.vcxproj", "{A6E0BF7F-8FC3-4B99-ADE6-B2831CD6EB51}"
EndProject
Project("{8BC9CEB8-8B4A-11D0-8D11-00A0C91BC942}") = "summer12", "summer12\summer12.vcxproj", "{5676EF4A-AC1A-4FB9-877F-E66CF7E4FC6B}"
EndProject
Project("{8BC9CEB8-8B4A-11D0-8D11-00A0C91BC942}") = "summer11", "summer11\summer11.vcxproj", "{13FA8E0C-E327-4C3B-99AE-1012FD000D17}"
EndProject
Project("{8BC9CEB8-8B4A-11D0-8D11-00A0C91BC942}") = "expirenment", "expirenment\expirenment.vcxproj", "{ACB1DDA4-1B70-4FF1-B88A-FFA4A1741532}"
EndProject
Project("{8BC9CEB8-8B4A-11D0-8D11-00A0C91BC942}") = "summer13", "summer13\summer13.vcxproj", "{6EADD3E9-48CF-4AD4-93CD-6A2C19D5B317}"
EndProject
Project("{8BC9CEB8-8B4A-11D0-8D11-00A0C91BC942}") = "summer16", "summer16\summer16.vcxproj", "{FD09FC87-77C3-401D-BAAE-AB73077F409C}"
EndProject
Project("{8BC9CEB8-8B4A-11D0-8D11-00A0C91BC942}") = "summer15", "summer15\summer15.vcxproj", "{0860A0AF-677F-47F4-ADD1-5F2134EA8D4B}"
EndProject
Project("{8BC9CEB8-8B4A-11D0-8D11-00A0C91BC942}") = "summer17", "summer17\summer17.vcxproj", "{1BAA7F17-1CBA-44B1-A464-CA2F896530D2}"
EndProject
Project("{8BC9CEB8-8B4A-11D0-8D11-00A0C91BC942}") = "summer18", "summer18\summer18.vcxproj", "{F850D7DF-974B-481D-9CE1-CF728586C9C9}"
EndProject
Project("{8BC9CEB8-8B4A-11D0-8D11-00A0C91BC942}") = "summer19", "summer19\summer19.vcxproj", "{3D708917-5949-43A8-BF03-439DCF32031B}"
EndProject
Project("{8BC9CEB8-8B4A-11D0-8D11-00A0C91BC942}") = "summer23", "summer23\summer23.vcxproj", "{8D6C26EC-B939-491C-A7E8-400615FDD590}"
EndProject
Project("{8BC9CEB8-8B4A-11D0-8D11-00A0C91BC942}") = "summer182", "summer182\summer182.vcxproj", "{E813A280-9FEA-4FCF-8C78-B0A5AFE6C214}"
EndProject
Project("{8BC9CEB8-8B4A-11D0-8D11-00A0C91BC942}") = "summer232", "summer232\summer232.vcxproj", "{59D0C960-AF04-47FB-9981-5F5486096D22}"
EndProject
Project("{8BC9CEB8-8B4A-11D0-8D11-00A0C91BC942}") = "summer21", "summer21\summer21.vcxproj", "{28EEB349-A167-4657-B8C7-7CD84678E786}"
EndProject
Project("{8BC9CEB8-8B4A-11D0-8D11-00A0C91BC942}") = "summer22", "summer22\summer22.vcxproj", "{CAB09EBF-1459-4621-8F11-6FD6EC8806AB}"
EndProject
Project("{8BC9CEB8-8B4A-11D0-8D11-00A0C91BC942}") = "summer24", "summer24\summer24.vcxproj", "{C2627467-3CDF-491A-954D-5924618DE5F1}"
EndProject
Project("{8BC9CEB8-8B4A-11D0-8D11-00A0C91BC942}") = "summer26", "summer26\summer26.vcxproj", "{9F376F56-E335-45C0-888D-4CF664573216}"
EndProject
Project("{8BC9CEB8-8B4A-11D0-8D11-00A0C91BC942}") = "summer25", "summer25\summer25.vcxproj", "{182389F3-36C0-4079-97BC-4BA2D10A0B90}"
EndProject
Project("{8BC9CEB8-8B4A-11D0-8D11-00A0C91BC942}") = "summer252", "summer252\summer252.vcxproj", "{2BF265DA-1922-4B43-B801-60E3E5E5E68E}"
EndProject
Project("{8BC9CEB8-8B4A-11D0-8D11-00A0C91BC942}") = "summer27", "summer27\summer27.vcxproj", "{10E05314-D2CC-4B59-8174-09D06C1034BD}"
EndProject
Project("{8BC9CEB8-8B4A-11D0-8D11-00A0C91BC942}") = "templatetesting", "templatetesting\templatetesting.vcxproj", "{AEE27610-60F5-4BC3-8325-494B15735882}"
EndProject
Project("{8BC9CEB8-8B4A-11D0-8D11-00A0C91BC942}") = "kuangbin1a", "day11\day11.vcxproj", "{350B6AE6-8EBD-4467-A5DF-BEF889C722FE}"
EndProject
Project("{8BC9CEB8-8B4A-11D0-8D11-00A0C91BC942}") = "kuangbin1b", "kaungbin1b\kaungbin1b.vcxproj", "{D3641409-173B-432D-AA3C-31F513D8F946}"
EndProject
Project("{8BC9CEB8-8B4A-11D0-8D11-00A0C91BC942}") = "kuangbin1c", "kaungbin1c\kaungbin1c.vcxproj", "{EBF20851-3259-4578-AB0C-C51D7AA1BB86}"
EndProject
Project("{8BC9CEB8-8B4A-11D0-8D11-00A0C91BC942}") = "kuangbin1d", "kuangbin1d\kuangbin1d.vcxproj", "{8B240B00-17C1-4FA3-9BD6-1FAC7AA3C059}"
EndProject
Project("{8BC9CEB8-8B4A-11D0-8D11-00A0C91BC942}") = "kuangbin1f", "kuangbin1f\kuangbin1f.vcxproj", "{367F20D1-B93D-442E-8EBA-C7A3DFCCE59A}"
EndProject
Project("{8BC9CEB8-8B4A-11D0-8D11-00A0C91BC942}") = "kuangbin1g", "kuangbin1g\kuangbin1g.vcxproj", "{B742E9DC-928C-4CF5-86B3-8B2D0C615256}"
EndProject
Project("{8BC9CEB8-8B4A-11D0-8D11-00A0C91BC942}") = "kuangbin1m", "kuangbin1m\kuangbin1m.vcxproj", "{9383E103-47F3-4CB1-9B32-3AD6AD787F32}"
EndProject
Project("{8BC9CEB8-8B4A-11D0-8D11-00A0C91BC942}") = "kuangbin1n", "kuangbin1n\kuangbin1n.vcxproj", "{06F5238F-A3E2-4C5D-9C9E-AC49844865ED}"
EndProject
Project("{8BC9CEB8-8B4A-11D0-8D11-00A0C91BC942}") = "kuangban2a", "kuangban2a\kuangban2a.vcxproj", "{3425D7D1-20D3-4F29-AE4F-546F9867DFC6}"
EndProject
Project("{8BC9CEB8-8B4A-11D0-8D11-00A0C91BC942}") = "kuangbin2c", "kuangbin2c\kuangbin2c.vcxproj", "{689F6F25-2712-4C03-9012-9924B8F795A3}"
EndProject
Project("{8BC9CEB8-8B4A-11D0-8D11-00A0C91BC942}") = "kuangbin1h", "kuangbin1h\kuangbin1h.vcxproj", "{604B5B2B-2AE1-4E0F-8A15-D022FECDCCAF}"
EndProject
Project("{8BC9CEB8-8B4A-11D0-8D11-00A0C91BC942}") = "kuangbin2e", "kuangbin2e\kuangbin2e.vcxproj", "{B05DCF8E-E8C5-447C-88AC-F066BD444BE7}"
EndProject
Project("{8BC9CEB8-8B4A-11D0-8D11-00A0C91BC942}") = "kuangbin2i", "kuangbin2i\kuangbin2i.vcxproj", "{636AD67E-81D1-4FCF-A659-83BE47103C9D}"
EndProject
Project("{8BC9CEB8-8B4A-11D0-8D11-00A0C91BC942}") = "kuangbin2a_astar", "kuangbin2a_astar\kuangbin2a_astar.vcxproj", "{00CC1869-5F8C-4333-9C2F-F9ADBBA74397}"
EndProject
Project("{8BC9CEB8-8B4A-11D0-8D11-00A0C91BC942}") = "kuangbin4a", "kuangbin4a\kuangbin4a.vcxproj", "{B0FC81B5-5475-41C3-BC38-0FB271162841}"
EndProject
Project("{8BC9CEB8-8B4A-11D0-8D11-00A0C91BC942}") = "kuangbin4b", "kuangbin4b\kuangbin4b.vcxproj", "{DC3E2CC9-4AAC-4B56-8D32-CB21027F8185}"
EndProject
Project("{8BC9CEB8-8B4A-11D0-8D11-00A0C91BC942}") = "kuangbin4e", "kuangbin4e\kuangbin4e.vcxproj", "{C935A77C-1C77-4210-BA6E-F7E17A0979E2}"
EndProject
Project("{8BC9CEB8-8B4A-11D0-8D11-00A0C91BC942}") = "kuangbin4p", "kuangbin4j\kuangbin4j.vcxproj", "{D069154C-9788-42FC-8A4D-DA109251E3D2}"
EndProject
Project("{8BC9CEB8-8B4A-11D0-8D11-00A0C91BC942}") = "kuangbin4g", "kuangbin4g\kuangbin4g.vcxproj", "{BD5FB3AC-5025-405E-AB7C-4ABBBCB7707F}"
EndProject
Project("{8BC9CEB8-8B4A-11D0-8D11-00A0C91BC942}") = "kuangbin5g", "kuangbin5g\kuangbin5g.vcxproj", "{214E238D-29C2-495B-A40E-9B3336DE06EB}"
EndProject
Project("{8BC9CEB8-8B4A-11D0-8D11-00A0C91BC942}") = "kuangbin5h", "kuangbin5h\kuangbin5h.vcxproj", "{9C849297-B6BB-4A8D-8D14-3BAD800569E7}"
EndProject
Project("{8BC9CEB8-8B4A-11D0-8D11-00A0C91BC942}") = "kuangbin5j", "kuangbin5j\kuangbin5j.vcxproj", "{2ADD13E3-0AEB-4AAB-9BF8-C15351342005}"
EndProject
Project("{8BC9CEB8-8B4A-11D0-8D11-00A0C91BC942}") = "kuangbin5l", "kuangbin5l\kuangbin5l.vcxproj", "{A3C675DE-BDE3-4D51-87F6-6A8ADA6D0FD6}"
EndProject
Project("{8BC9CEB8-8B4A-11D0-8D11-00A0C91BC942}") = "kuangbin6e", "kuangbin6e\kuangbin6e.vcxproj", "{A2F2256A-C684-47FC-9E1E-D8F5E8955FA1}"
EndProject
Project("{8BC9CEB8-8B4A-11D0-8D11-00A0C91BC942}") = "kuangbin6g", "kuangbin6g\kuangbin6g.vcxproj", "{327025B0-F2EC-4B9A-A78A-020884113F29}"
EndProject
Project("{8BC9CEB8-8B4A-11D0-8D11-00A0C91BC942}") = "kuangbin6j", "kuangbin6j\kuangbin6j.vcxproj", "{8475CC3D-2468-4B33-ABBC-67F5EF720969}"
EndProject
Project("{8BC9CEB8-8B4A-11D0-8D11-00A0C91BC942}") = "kuangbin6k", "kuangbin6k\kuangbin6k.vcxproj", "{F8AFAEC7-BFB6-40F3-B8D6-38BF2485DD22}"
EndProject
Project("{8BC9CEB8-8B4A-11D0-8D11-00A0C91BC942}") = "kuangbin7c", "kuangbin7c\kuangbin7c.vcxproj", "{6872EF0C-BE75-4B2C-B4E0-770974486E28}"
EndProject
Project("{8BC9CEB8-8B4A-11D0-8D11-00A0C91BC942}") = "kuangbin7f", "kuangbin7f\kuangbin7f.vcxproj", "{22F5F682-CE26-4CB9-9CAC-61C1EE00F685}"
EndProject
Project("{8BC9CEB8-8B4A-11D0-8D11-00A0C91BC942}") = "kuangbin7p", "kuangbin7p\kuangbin7p.vcxproj", "{07B1087B-2110-448E-A31B-ADA3AE4B7B13}"
EndProject
Project("{8BC9CEB8-8B4A-11D0-8D11-00A0C91BC942}") = "tryset", "tryset\tryset.vcxproj", "{7CB7A6C4-7B37-4339-89AD-BB07D08B6C40}"
EndProject
Project("{8BC9CEB8-8B4A-11D0-8D11-00A0C91BC942}") = "kuangbin8d", "kuangbin8d\kuangbin8d.vcxproj", "{20394C82-B107-4329-8547-719B67155630}"
EndProject
Project("{8BC9CEB8-8B4A-11D0-8D11-00A0C91BC942}") = "kuangbin8h add root to vector graph using zhuliu algorithm", "kuangbin8h\kuangbin8h.vcxproj", "{502DDFD5-D01F-4675-A3EB-A6322FFC7EF2}"
EndProject
Project("{8BC9CEB8-8B4A-11D0-8D11-00A0C91BC942}") = "warmupj", "warmupj\warmupj.vcxproj", "{D015255C-DA01-4968-9C6E-DF4F32754C07}"
EndProject
Project("{8BC9CEB8-8B4A-11D0-8D11-00A0C91BC942}") = "f", "f\f.vcxproj", "{EE33B849-4B5C-49E3-85A8-526C5E86B8E5}"
EndProject
Project("{8BC9CEB8-8B4A-11D0-8D11-00A0C91BC942}") = "E", "E\E.vcxproj", "{04BA832B-47BC-4751-92DD-58BA20853882}"
EndProject
Project("{8BC9CEB8-8B4A-11D0-8D11-00A0C91BC942}") = "K", "K\K.vcxproj", "{E3B1A7C8-20CC-46ED-B347-513B756CAB23}"
EndProject
Project("{8BC9CEB8-8B4A-11D0-8D11-00A0C91BC942}") = "B", "B\B.vcxproj", "{30A8D9E3-B2B8-46D1-9E0F-061388390831}"
EndProject
Project("{8BC9CEB8-8B4A-11D0-8D11-00A0C91BC942}") = "iepc2015 4.9", "iepc2015 4.9\iepc2015 4.9.vcxproj", "{AE4CE7AF-5D2F-4EFD-B8EC-9BD4299A1314}"
EndProject
Project("{8BC9CEB8-8B4A-11D0-8D11-00A0C91BC942}") = "kattis jack beans 2016", "kattis jack beans 2016\kattis jack beans 2016.vcxproj", "{F8FE2D95-AF30-4563-993A-C77A1762039E}"
EndProject
Global
	GlobalSection(SolutionConfigurationPlatforms) = preSolution
		Debug|x64 = Debug|x64
		Debug|x86 = Debug|x86
		Release|x64 = Release|x64
		Release|x86 = Release|x86
	EndGlobalSection
	GlobalSection(ProjectConfigurationPlatforms) = postSolution
		{264E8749-A734-4925-A78D-442103565841}.Debug|x64.ActiveCfg = Debug|x64
		{264E8749-A734-4925-A78D-442103565841}.Debug|x64.Build.0 = Debug|x64
		{264E8749-A734-4925-A78D-442103565841}.Debug|x86.ActiveCfg = Debug|Win32
		{264E8749-A734-4925-A78D-442103565841}.Debug|x86.Build.0 = Debug|Win32
		{264E8749-A734-4925-A78D-442103565841}.Release|x64.ActiveCfg = Release|x64
		{264E8749-A734-4925-A78D-442103565841}.Release|x64.Build.0 = Release|x64
		{264E8749-A734-4925-A78D-442103565841}.Release|x86.ActiveCfg = Release|Win32
		{264E8749-A734-4925-A78D-442103565841}.Release|x86.Build.0 = Release|Win32
		{45A86BD0-CFB8-4E49-91B6-E2EB275760FB}.Debug|x64.ActiveCfg = Debug|x64
		{45A86BD0-CFB8-4E49-91B6-E2EB275760FB}.Debug|x64.Build.0 = Debug|x64
		{45A86BD0-CFB8-4E49-91B6-E2EB275760FB}.Debug|x86.ActiveCfg = Debug|Win32
		{45A86BD0-CFB8-4E49-91B6-E2EB275760FB}.Debug|x86.Build.0 = Debug|Win32
		{45A86BD0-CFB8-4E49-91B6-E2EB275760FB}.Release|x64.ActiveCfg = Release|x64
		{45A86BD0-CFB8-4E49-91B6-E2EB275760FB}.Release|x64.Build.0 = Release|x64
		{45A86BD0-CFB8-4E49-91B6-E2EB275760FB}.Release|x86.ActiveCfg = Release|Win32
		{45A86BD0-CFB8-4E49-91B6-E2EB275760FB}.Release|x86.Build.0 = Release|Win32
		{DE15FC67-1CF5-42C1-96BE-7E2B80E7AE43}.Debug|x64.ActiveCfg = Debug|x64
		{DE15FC67-1CF5-42C1-96BE-7E2B80E7AE43}.Debug|x64.Build.0 = Debug|x64
		{DE15FC67-1CF5-42C1-96BE-7E2B80E7AE43}.Debug|x86.ActiveCfg = Debug|Win32
		{DE15FC67-1CF5-42C1-96BE-7E2B80E7AE43}.Debug|x86.Build.0 = Debug|Win32
		{DE15FC67-1CF5-42C1-96BE-7E2B80E7AE43}.Release|x64.ActiveCfg = Release|x64
		{DE15FC67-1CF5-42C1-96BE-7E2B80E7AE43}.Release|x64.Build.0 = Release|x64
		{DE15FC67-1CF5-42C1-96BE-7E2B80E7AE43}.Release|x86.ActiveCfg = Release|Win32
		{DE15FC67-1CF5-42C1-96BE-7E2B80E7AE43}.Release|x86.Build.0 = Release|Win32
		{85BBBD14-F2DA-4374-969D-A1712B664702}.Debug|x64.ActiveCfg = Debug|x64
		{85BBBD14-F2DA-4374-969D-A1712B664702}.Debug|x64.Build.0 = Debug|x64
		{85BBBD14-F2DA-4374-969D-A1712B664702}.Debug|x86.ActiveCfg = Debug|Win32
		{85BBBD14-F2DA-4374-969D-A1712B664702}.Debug|x86.Build.0 = Debug|Win32
		{85BBBD14-F2DA-4374-969D-A1712B664702}.Release|x64.ActiveCfg = Release|x64
		{85BBBD14-F2DA-4374-969D-A1712B664702}.Release|x64.Build.0 = Release|x64
		{85BBBD14-F2DA-4374-969D-A1712B664702}.Release|x86.ActiveCfg = Release|Win32
		{85BBBD14-F2DA-4374-969D-A1712B664702}.Release|x86.Build.0 = Release|Win32
		{FDD9C48F-E6EF-48A7-A3AC-DE633314F167}.Debug|x64.ActiveCfg = Debug|x64
		{FDD9C48F-E6EF-48A7-A3AC-DE633314F167}.Debug|x64.Build.0 = Debug|x64
		{FDD9C48F-E6EF-48A7-A3AC-DE633314F167}.Debug|x86.ActiveCfg = Debug|Win32
		{FDD9C48F-E6EF-48A7-A3AC-DE633314F167}.Debug|x86.Build.0 = Debug|Win32
		{FDD9C48F-E6EF-48A7-A3AC-DE633314F167}.Release|x64.ActiveCfg = Release|x64
		{FDD9C48F-E6EF-48A7-A3AC-DE633314F167}.Release|x64.Build.0 = Release|x64
		{FDD9C48F-E6EF-48A7-A3AC-DE633314F167}.Release|x86.ActiveCfg = Release|Win32
		{FDD9C48F-E6EF-48A7-A3AC-DE633314F167}.Release|x86.Build.0 = Release|Win32
		{68E293F7-FFBE-48DE-89D4-1C7BF6E5DC31}.Debug|x64.ActiveCfg = Debug|x64
		{68E293F7-FFBE-48DE-89D4-1C7BF6E5DC31}.Debug|x64.Build.0 = Debug|x64
		{68E293F7-FFBE-48DE-89D4-1C7BF6E5DC31}.Debug|x86.ActiveCfg = Debug|Win32
		{68E293F7-FFBE-48DE-89D4-1C7BF6E5DC31}.Debug|x86.Build.0 = Debug|Win32
		{68E293F7-FFBE-48DE-89D4-1C7BF6E5DC31}.Release|x64.ActiveCfg = Release|x64
		{68E293F7-FFBE-48DE-89D4-1C7BF6E5DC31}.Release|x64.Build.0 = Release|x64
		{68E293F7-FFBE-48DE-89D4-1C7BF6E5DC31}.Release|x86.ActiveCfg = Release|Win32
		{68E293F7-FFBE-48DE-89D4-1C7BF6E5DC31}.Release|x86.Build.0 = Release|Win32
		{A8507D39-7F33-4783-9C13-ED520452ABD2}.Debug|x64.ActiveCfg = Debug|x64
		{A8507D39-7F33-4783-9C13-ED520452ABD2}.Debug|x64.Build.0 = Debug|x64
		{A8507D39-7F33-4783-9C13-ED520452ABD2}.Debug|x86.ActiveCfg = Debug|Win32
		{A8507D39-7F33-4783-9C13-ED520452ABD2}.Debug|x86.Build.0 = Debug|Win32
		{A8507D39-7F33-4783-9C13-ED520452ABD2}.Release|x64.ActiveCfg = Release|x64
		{A8507D39-7F33-4783-9C13-ED520452ABD2}.Release|x64.Build.0 = Release|x64
		{A8507D39-7F33-4783-9C13-ED520452ABD2}.Release|x86.ActiveCfg = Release|Win32
		{A8507D39-7F33-4783-9C13-ED520452ABD2}.Release|x86.Build.0 = Release|Win32
		{D923C9C1-3AC1-4031-ACC7-F7C0680DB236}.Debug|x64.ActiveCfg = Debug|x64
		{D923C9C1-3AC1-4031-ACC7-F7C0680DB236}.Debug|x64.Build.0 = Debug|x64
		{D923C9C1-3AC1-4031-ACC7-F7C0680DB236}.Debug|x86.ActiveCfg = Debug|Win32
		{D923C9C1-3AC1-4031-ACC7-F7C0680DB236}.Debug|x86.Build.0 = Debug|Win32
		{D923C9C1-3AC1-4031-ACC7-F7C0680DB236}.Release|x64.ActiveCfg = Release|x64
		{D923C9C1-3AC1-4031-ACC7-F7C0680DB236}.Release|x64.Build.0 = Release|x64
		{D923C9C1-3AC1-4031-ACC7-F7C0680DB236}.Release|x86.ActiveCfg = Release|Win32
		{D923C9C1-3AC1-4031-ACC7-F7C0680DB236}.Release|x86.Build.0 = Release|Win32
		{E62B22DA-317F-438D-BFDE-9E0967CBF768}.Debug|x64.ActiveCfg = Debug|x64
		{E62B22DA-317F-438D-BFDE-9E0967CBF768}.Debug|x64.Build.0 = Debug|x64
		{E62B22DA-317F-438D-BFDE-9E0967CBF768}.Debug|x86.ActiveCfg = Debug|Win32
		{E62B22DA-317F-438D-BFDE-9E0967CBF768}.Debug|x86.Build.0 = Debug|Win32
		{E62B22DA-317F-438D-BFDE-9E0967CBF768}.Release|x64.ActiveCfg = Release|x64
		{E62B22DA-317F-438D-BFDE-9E0967CBF768}.Release|x64.Build.0 = Release|x64
		{E62B22DA-317F-438D-BFDE-9E0967CBF768}.Release|x86.ActiveCfg = Release|Win32
		{E62B22DA-317F-438D-BFDE-9E0967CBF768}.Release|x86.Build.0 = Release|Win32
		{246F858B-F6C0-4464-845F-3FCFB8DEECD3}.Debug|x64.ActiveCfg = Debug|x64
		{246F858B-F6C0-4464-845F-3FCFB8DEECD3}.Debug|x64.Build.0 = Debug|x64
		{246F858B-F6C0-4464-845F-3FCFB8DEECD3}.Debug|x86.ActiveCfg = Debug|Win32
		{246F858B-F6C0-4464-845F-3FCFB8DEECD3}.Debug|x86.Build.0 = Debug|Win32
		{246F858B-F6C0-4464-845F-3FCFB8DEECD3}.Release|x64.ActiveCfg = Release|x64
		{246F858B-F6C0-4464-845F-3FCFB8DEECD3}.Release|x64.Build.0 = Release|x64
		{246F858B-F6C0-4464-845F-3FCFB8DEECD3}.Release|x86.ActiveCfg = Release|Win32
		{246F858B-F6C0-4464-845F-3FCFB8DEECD3}.Release|x86.Build.0 = Release|Win32
		{0BB53BFA-044E-4EC1-A44E-DDF49EF1A992}.Debug|x64.ActiveCfg = Debug|x64
		{0BB53BFA-044E-4EC1-A44E-DDF49EF1A992}.Debug|x64.Build.0 = Debug|x64
		{0BB53BFA-044E-4EC1-A44E-DDF49EF1A992}.Debug|x86.ActiveCfg = Debug|Win32
		{0BB53BFA-044E-4EC1-A44E-DDF49EF1A992}.Debug|x86.Build.0 = Debug|Win32
		{0BB53BFA-044E-4EC1-A44E-DDF49EF1A992}.Release|x64.ActiveCfg = Release|x64
		{0BB53BFA-044E-4EC1-A44E-DDF49EF1A992}.Release|x64.Build.0 = Release|x64
		{0BB53BFA-044E-4EC1-A44E-DDF49EF1A992}.Release|x86.ActiveCfg = Release|Win32
		{0BB53BFA-044E-4EC1-A44E-DDF49EF1A992}.Release|x86.Build.0 = Release|Win32
		{ED4C4ABF-1841-4AE7-88A5-52D13BADBEDA}.Debug|x64.ActiveCfg = Debug|x64
		{ED4C4ABF-1841-4AE7-88A5-52D13BADBEDA}.Debug|x64.Build.0 = Debug|x64
		{ED4C4ABF-1841-4AE7-88A5-52D13BADBEDA}.Debug|x86.ActiveCfg = Debug|Win32
		{ED4C4ABF-1841-4AE7-88A5-52D13BADBEDA}.Debug|x86.Build.0 = Debug|Win32
		{ED4C4ABF-1841-4AE7-88A5-52D13BADBEDA}.Release|x64.ActiveCfg = Release|x64
		{ED4C4ABF-1841-4AE7-88A5-52D13BADBEDA}.Release|x64.Build.0 = Release|x64
		{ED4C4ABF-1841-4AE7-88A5-52D13BADBEDA}.Release|x86.ActiveCfg = Release|Win32
		{ED4C4ABF-1841-4AE7-88A5-52D13BADBEDA}.Release|x86.Build.0 = Release|Win32
		{5776E35E-5B79-4382-95BF-117D338EEAED}.Debug|x64.ActiveCfg = Debug|x64
		{5776E35E-5B79-4382-95BF-117D338EEAED}.Debug|x64.Build.0 = Debug|x64
		{5776E35E-5B79-4382-95BF-117D338EEAED}.Debug|x86.ActiveCfg = Debug|Win32
		{5776E35E-5B79-4382-95BF-117D338EEAED}.Debug|x86.Build.0 = Debug|Win32
		{5776E35E-5B79-4382-95BF-117D338EEAED}.Release|x64.ActiveCfg = Release|x64
		{5776E35E-5B79-4382-95BF-117D338EEAED}.Release|x64.Build.0 = Release|x64
		{5776E35E-5B79-4382-95BF-117D338EEAED}.Release|x86.ActiveCfg = Release|Win32
		{5776E35E-5B79-4382-95BF-117D338EEAED}.Release|x86.Build.0 = Release|Win32
		{F361906B-F5A9-48F4-8543-A7C8FA36E4A7}.Debug|x64.ActiveCfg = Debug|x64
		{F361906B-F5A9-48F4-8543-A7C8FA36E4A7}.Debug|x64.Build.0 = Debug|x64
		{F361906B-F5A9-48F4-8543-A7C8FA36E4A7}.Debug|x86.ActiveCfg = Debug|Win32
		{F361906B-F5A9-48F4-8543-A7C8FA36E4A7}.Debug|x86.Build.0 = Debug|Win32
		{F361906B-F5A9-48F4-8543-A7C8FA36E4A7}.Release|x64.ActiveCfg = Release|x64
		{F361906B-F5A9-48F4-8543-A7C8FA36E4A7}.Release|x64.Build.0 = Release|x64
		{F361906B-F5A9-48F4-8543-A7C8FA36E4A7}.Release|x86.ActiveCfg = Release|Win32
		{F361906B-F5A9-48F4-8543-A7C8FA36E4A7}.Release|x86.Build.0 = Release|Win32
		{A3F84171-6A79-4851-9771-8E30A5F72011}.Debug|x64.ActiveCfg = Debug|x64
		{A3F84171-6A79-4851-9771-8E30A5F72011}.Debug|x64.Build.0 = Debug|x64
		{A3F84171-6A79-4851-9771-8E30A5F72011}.Debug|x86.ActiveCfg = Debug|Win32
		{A3F84171-6A79-4851-9771-8E30A5F72011}.Debug|x86.Build.0 = Debug|Win32
		{A3F84171-6A79-4851-9771-8E30A5F72011}.Release|x64.ActiveCfg = Release|x64
		{A3F84171-6A79-4851-9771-8E30A5F72011}.Release|x64.Build.0 = Release|x64
		{A3F84171-6A79-4851-9771-8E30A5F72011}.Release|x86.ActiveCfg = Release|Win32
		{A3F84171-6A79-4851-9771-8E30A5F72011}.Release|x86.Build.0 = Release|Win32
		{ABB487D1-CEB4-43A3-B400-DCF3F5F1CCF1}.Debug|x64.ActiveCfg = Debug|x64
		{ABB487D1-CEB4-43A3-B400-DCF3F5F1CCF1}.Debug|x64.Build.0 = Debug|x64
		{ABB487D1-CEB4-43A3-B400-DCF3F5F1CCF1}.Debug|x86.ActiveCfg = Debug|Win32
		{ABB487D1-CEB4-43A3-B400-DCF3F5F1CCF1}.Debug|x86.Build.0 = Debug|Win32
		{ABB487D1-CEB4-43A3-B400-DCF3F5F1CCF1}.Release|x64.ActiveCfg = Release|x64
		{ABB487D1-CEB4-43A3-B400-DCF3F5F1CCF1}.Release|x64.Build.0 = Release|x64
		{ABB487D1-CEB4-43A3-B400-DCF3F5F1CCF1}.Release|x86.ActiveCfg = Release|Win32
		{ABB487D1-CEB4-43A3-B400-DCF3F5F1CCF1}.Release|x86.Build.0 = Release|Win32
		{AD5A358F-A098-4528-9FA5-64FE2CE4A46E}.Debug|x64.ActiveCfg = Debug|x64
		{AD5A358F-A098-4528-9FA5-64FE2CE4A46E}.Debug|x64.Build.0 = Debug|x64
		{AD5A358F-A098-4528-9FA5-64FE2CE4A46E}.Debug|x86.ActiveCfg = Debug|Win32
		{AD5A358F-A098-4528-9FA5-64FE2CE4A46E}.Debug|x86.Build.0 = Debug|Win32
		{AD5A358F-A098-4528-9FA5-64FE2CE4A46E}.Release|x64.ActiveCfg = Release|x64
		{AD5A358F-A098-4528-9FA5-64FE2CE4A46E}.Release|x64.Build.0 = Release|x64
		{AD5A358F-A098-4528-9FA5-64FE2CE4A46E}.Release|x86.ActiveCfg = Release|Win32
		{AD5A358F-A098-4528-9FA5-64FE2CE4A46E}.Release|x86.Build.0 = Release|Win32
		{AB748DFF-83E5-4945-8648-5E475EB2183E}.Debug|x64.ActiveCfg = Debug|x64
		{AB748DFF-83E5-4945-8648-5E475EB2183E}.Debug|x64.Build.0 = Debug|x64
		{AB748DFF-83E5-4945-8648-5E475EB2183E}.Debug|x86.ActiveCfg = Debug|Win32
		{AB748DFF-83E5-4945-8648-5E475EB2183E}.Debug|x86.Build.0 = Debug|Win32
		{AB748DFF-83E5-4945-8648-5E475EB2183E}.Release|x64.ActiveCfg = Release|x64
		{AB748DFF-83E5-4945-8648-5E475EB2183E}.Release|x64.Build.0 = Release|x64
		{AB748DFF-83E5-4945-8648-5E475EB2183E}.Release|x86.ActiveCfg = Release|Win32
		{AB748DFF-83E5-4945-8648-5E475EB2183E}.Release|x86.Build.0 = Release|Win32
		{CAA852D8-7E52-4F72-A948-233B2A1CAA81}.Debug|x64.ActiveCfg = Debug|x64
		{CAA852D8-7E52-4F72-A948-233B2A1CAA81}.Debug|x64.Build.0 = Debug|x64
		{CAA852D8-7E52-4F72-A948-233B2A1CAA81}.Debug|x86.ActiveCfg = Debug|Win32
		{CAA852D8-7E52-4F72-A948-233B2A1CAA81}.Debug|x86.Build.0 = Debug|Win32
		{CAA852D8-7E52-4F72-A948-233B2A1CAA81}.Release|x64.ActiveCfg = Release|x64
		{CAA852D8-7E52-4F72-A948-233B2A1CAA81}.Release|x64.Build.0 = Release|x64
		{CAA852D8-7E52-4F72-A948-233B2A1CAA81}.Release|x86.ActiveCfg = Release|Win32
		{CAA852D8-7E52-4F72-A948-233B2A1CAA81}.Release|x86.Build.0 = Release|Win32
		{FA54671B-85AA-4F85-8BFD-52670F219FBD}.Debug|x64.ActiveCfg = Debug|x64
		{FA54671B-85AA-4F85-8BFD-52670F219FBD}.Debug|x64.Build.0 = Debug|x64
		{FA54671B-85AA-4F85-8BFD-52670F219FBD}.Debug|x86.ActiveCfg = Debug|Win32
		{FA54671B-85AA-4F85-8BFD-52670F219FBD}.Debug|x86.Build.0 = Debug|Win32
		{FA54671B-85AA-4F85-8BFD-52670F219FBD}.Release|x64.ActiveCfg = Release|x64
		{FA54671B-85AA-4F85-8BFD-52670F219FBD}.Release|x64.Build.0 = Release|x64
		{FA54671B-85AA-4F85-8BFD-52670F219FBD}.Release|x86.ActiveCfg = Release|Win32
		{FA54671B-85AA-4F85-8BFD-52670F219FBD}.Release|x86.Build.0 = Release|Win32
		{E9CC0815-9CC8-4B72-B530-3CE80C443141}.Debug|x64.ActiveCfg = Debug|x64
		{E9CC0815-9CC8-4B72-B530-3CE80C443141}.Debug|x64.Build.0 = Debug|x64
		{E9CC0815-9CC8-4B72-B530-3CE80C443141}.Debug|x86.ActiveCfg = Debug|Win32
		{E9CC0815-9CC8-4B72-B530-3CE80C443141}.Debug|x86.Build.0 = Debug|Win32
		{E9CC0815-9CC8-4B72-B530-3CE80C443141}.Release|x64.ActiveCfg = Release|x64
		{E9CC0815-9CC8-4B72-B530-3CE80C443141}.Release|x64.Build.0 = Release|x64
		{E9CC0815-9CC8-4B72-B530-3CE80C443141}.Release|x86.ActiveCfg = Release|Win32
		{E9CC0815-9CC8-4B72-B530-3CE80C443141}.Release|x86.Build.0 = Release|Win32
		{4E11A337-AB4D-46DF-A877-11EAE9AE1470}.Debug|x64.ActiveCfg = Debug|x64
		{4E11A337-AB4D-46DF-A877-11EAE9AE1470}.Debug|x64.Build.0 = Debug|x64
		{4E11A337-AB4D-46DF-A877-11EAE9AE1470}.Debug|x86.ActiveCfg = Debug|Win32
		{4E11A337-AB4D-46DF-A877-11EAE9AE1470}.Debug|x86.Build.0 = Debug|Win32
		{4E11A337-AB4D-46DF-A877-11EAE9AE1470}.Release|x64.ActiveCfg = Release|x64
		{4E11A337-AB4D-46DF-A877-11EAE9AE1470}.Release|x64.Build.0 = Release|x64
		{4E11A337-AB4D-46DF-A877-11EAE9AE1470}.Release|x86.ActiveCfg = Release|Win32
		{4E11A337-AB4D-46DF-A877-11EAE9AE1470}.Release|x86.Build.0 = Release|Win32
		{D0311C8C-A2D0-4B82-9EF7-AF2B74B87704}.Debug|x64.ActiveCfg = Debug|x64
		{D0311C8C-A2D0-4B82-9EF7-AF2B74B87704}.Debug|x64.Build.0 = Debug|x64
		{D0311C8C-A2D0-4B82-9EF7-AF2B74B87704}.Debug|x86.ActiveCfg = Debug|Win32
		{D0311C8C-A2D0-4B82-9EF7-AF2B74B87704}.Debug|x86.Build.0 = Debug|Win32
		{D0311C8C-A2D0-4B82-9EF7-AF2B74B87704}.Release|x64.ActiveCfg = Release|x64
		{D0311C8C-A2D0-4B82-9EF7-AF2B74B87704}.Release|x64.Build.0 = Release|x64
		{D0311C8C-A2D0-4B82-9EF7-AF2B74B87704}.Release|x86.ActiveCfg = Release|Win32
		{D0311C8C-A2D0-4B82-9EF7-AF2B74B87704}.Release|x86.Build.0 = Release|Win32
		{7E40EBFC-98D5-4935-9153-AF5204E5AADA}.Debug|x64.ActiveCfg = Debug|x64
		{7E40EBFC-98D5-4935-9153-AF5204E5AADA}.Debug|x64.Build.0 = Debug|x64
		{7E40EBFC-98D5-4935-9153-AF5204E5AADA}.Debug|x86.ActiveCfg = Debug|Win32
		{7E40EBFC-98D5-4935-9153-AF5204E5AADA}.Debug|x86.Build.0 = Debug|Win32
		{7E40EBFC-98D5-4935-9153-AF5204E5AADA}.Release|x64.ActiveCfg = Release|x64
		{7E40EBFC-98D5-4935-9153-AF5204E5AADA}.Release|x64.Build.0 = Release|x64
		{7E40EBFC-98D5-4935-9153-AF5204E5AADA}.Release|x86.ActiveCfg = Release|Win32
		{7E40EBFC-98D5-4935-9153-AF5204E5AADA}.Release|x86.Build.0 = Release|Win32
		{A6E0BF7F-8FC3-4B99-ADE6-B2831CD6EB51}.Debug|x64.ActiveCfg = Debug|x64
		{A6E0BF7F-8FC3-4B99-ADE6-B2831CD6EB51}.Debug|x64.Build.0 = Debug|x64
		{A6E0BF7F-8FC3-4B99-ADE6-B2831CD6EB51}.Debug|x86.ActiveCfg = Debug|Win32
		{A6E0BF7F-8FC3-4B99-ADE6-B2831CD6EB51}.Debug|x86.Build.0 = Debug|Win32
		{A6E0BF7F-8FC3-4B99-ADE6-B2831CD6EB51}.Release|x64.ActiveCfg = Release|x64
		{A6E0BF7F-8FC3-4B99-ADE6-B2831CD6EB51}.Release|x64.Build.0 = Release|x64
		{A6E0BF7F-8FC3-4B99-ADE6-B2831CD6EB51}.Release|x86.ActiveCfg = Release|Win32
		{A6E0BF7F-8FC3-4B99-ADE6-B2831CD6EB51}.Release|x86.Build.0 = Release|Win32
		{5676EF4A-AC1A-4FB9-877F-E66CF7E4FC6B}.Debug|x64.ActiveCfg = Debug|x64
		{5676EF4A-AC1A-4FB9-877F-E66CF7E4FC6B}.Debug|x64.Build.0 = Debug|x64
		{5676EF4A-AC1A-4FB9-877F-E66CF7E4FC6B}.Debug|x86.ActiveCfg = Debug|Win32
		{5676EF4A-AC1A-4FB9-877F-E66CF7E4FC6B}.Debug|x86.Build.0 = Debug|Win32
		{5676EF4A-AC1A-4FB9-877F-E66CF7E4FC6B}.Release|x64.ActiveCfg = Release|x64
		{5676EF4A-AC1A-4FB9-877F-E66CF7E4FC6B}.Release|x64.Build.0 = Release|x64
		{5676EF4A-AC1A-4FB9-877F-E66CF7E4FC6B}.Release|x86.ActiveCfg = Release|Win32
		{5676EF4A-AC1A-4FB9-877F-E66CF7E4FC6B}.Release|x86.Build.0 = Release|Win32
		{13FA8E0C-E327-4C3B-99AE-1012FD000D17}.Debug|x64.ActiveCfg = Debug|x64
		{13FA8E0C-E327-4C3B-99AE-1012FD000D17}.Debug|x64.Build.0 = Debug|x64
		{13FA8E0C-E327-4C3B-99AE-1012FD000D17}.Debug|x86.ActiveCfg = Debug|Win32
		{13FA8E0C-E327-4C3B-99AE-1012FD000D17}.Debug|x86.Build.0 = Debug|Win32
		{13FA8E0C-E327-4C3B-99AE-1012FD000D17}.Release|x64.ActiveCfg = Release|x64
		{13FA8E0C-E327-4C3B-99AE-1012FD000D17}.Release|x64.Build.0 = Release|x64
		{13FA8E0C-E327-4C3B-99AE-1012FD000D17}.Release|x86.ActiveCfg = Release|Win32
		{13FA8E0C-E327-4C3B-99AE-1012FD000D17}.Release|x86.Build.0 = Release|Win32
		{ACB1DDA4-1B70-4FF1-B88A-FFA4A1741532}.Debug|x64.ActiveCfg = Debug|x64
		{ACB1DDA4-1B70-4FF1-B88A-FFA4A1741532}.Debug|x64.Build.0 = Debug|x64
		{ACB1DDA4-1B70-4FF1-B88A-FFA4A1741532}.Debug|x86.ActiveCfg = Debug|Win32
		{ACB1DDA4-1B70-4FF1-B88A-FFA4A1741532}.Debug|x86.Build.0 = Debug|Win32
		{ACB1DDA4-1B70-4FF1-B88A-FFA4A1741532}.Release|x64.ActiveCfg = Release|x64
		{ACB1DDA4-1B70-4FF1-B88A-FFA4A1741532}.Release|x64.Build.0 = Release|x64
		{ACB1DDA4-1B70-4FF1-B88A-FFA4A1741532}.Release|x86.ActiveCfg = Release|Win32
		{ACB1DDA4-1B70-4FF1-B88A-FFA4A1741532}.Release|x86.Build.0 = Release|Win32
		{6EADD3E9-48CF-4AD4-93CD-6A2C19D5B317}.Debug|x64.ActiveCfg = Debug|x64
		{6EADD3E9-48CF-4AD4-93CD-6A2C19D5B317}.Debug|x64.Build.0 = Debug|x64
		{6EADD3E9-48CF-4AD4-93CD-6A2C19D5B317}.Debug|x86.ActiveCfg = Debug|Win32
		{6EADD3E9-48CF-4AD4-93CD-6A2C19D5B317}.Debug|x86.Build.0 = Debug|Win32
		{6EADD3E9-48CF-4AD4-93CD-6A2C19D5B317}.Release|x64.ActiveCfg = Release|x64
		{6EADD3E9-48CF-4AD4-93CD-6A2C19D5B317}.Release|x64.Build.0 = Release|x64
		{6EADD3E9-48CF-4AD4-93CD-6A2C19D5B317}.Release|x86.ActiveCfg = Release|Win32
		{6EADD3E9-48CF-4AD4-93CD-6A2C19D5B317}.Release|x86.Build.0 = Release|Win32
		{FD09FC87-77C3-401D-BAAE-AB73077F409C}.Debug|x64.ActiveCfg = Debug|x64
		{FD09FC87-77C3-401D-BAAE-AB73077F409C}.Debug|x64.Build.0 = Debug|x64
		{FD09FC87-77C3-401D-BAAE-AB73077F409C}.Debug|x86.ActiveCfg = Debug|Win32
		{FD09FC87-77C3-401D-BAAE-AB73077F409C}.Debug|x86.Build.0 = Debug|Win32
		{FD09FC87-77C3-401D-BAAE-AB73077F409C}.Release|x64.ActiveCfg = Release|x64
		{FD09FC87-77C3-401D-BAAE-AB73077F409C}.Release|x64.Build.0 = Release|x64
		{FD09FC87-77C3-401D-BAAE-AB73077F409C}.Release|x86.ActiveCfg = Release|Win32
		{FD09FC87-77C3-401D-BAAE-AB73077F409C}.Release|x86.Build.0 = Release|Win32
		{0860A0AF-677F-47F4-ADD1-5F2134EA8D4B}.Debug|x64.ActiveCfg = Debug|x64
		{0860A0AF-677F-47F4-ADD1-5F2134EA8D4B}.Debug|x64.Build.0 = Debug|x64
		{0860A0AF-677F-47F4-ADD1-5F2134EA8D4B}.Debug|x86.ActiveCfg = Debug|Win32
		{0860A0AF-677F-47F4-ADD1-5F2134EA8D4B}.Debug|x86.Build.0 = Debug|Win32
		{0860A0AF-677F-47F4-ADD1-5F2134EA8D4B}.Release|x64.ActiveCfg = Release|x64
		{0860A0AF-677F-47F4-ADD1-5F2134EA8D4B}.Release|x64.Build.0 = Release|x64
		{0860A0AF-677F-47F4-ADD1-5F2134EA8D4B}.Release|x86.ActiveCfg = Release|Win32
		{0860A0AF-677F-47F4-ADD1-5F2134EA8D4B}.Release|x86.Build.0 = Release|Win32
		{1BAA7F17-1CBA-44B1-A464-CA2F896530D2}.Debug|x64.ActiveCfg = Debug|x64
		{1BAA7F17-1CBA-44B1-A464-CA2F896530D2}.Debug|x64.Build.0 = Debug|x64
		{1BAA7F17-1CBA-44B1-A464-CA2F896530D2}.Debug|x86.ActiveCfg = Debug|Win32
		{1BAA7F17-1CBA-44B1-A464-CA2F896530D2}.Debug|x86.Build.0 = Debug|Win32
		{1BAA7F17-1CBA-44B1-A464-CA2F896530D2}.Release|x64.ActiveCfg = Release|x64
		{1BAA7F17-1CBA-44B1-A464-CA2F896530D2}.Release|x64.Build.0 = Release|x64
		{1BAA7F17-1CBA-44B1-A464-CA2F896530D2}.Release|x86.ActiveCfg = Release|Win32
		{1BAA7F17-1CBA-44B1-A464-CA2F896530D2}.Release|x86.Build.0 = Release|Win32
		{F850D7DF-974B-481D-9CE1-CF728586C9C9}.Debug|x64.ActiveCfg = Debug|x64
		{F850D7DF-974B-481D-9CE1-CF728586C9C9}.Debug|x64.Build.0 = Debug|x64
		{F850D7DF-974B-481D-9CE1-CF728586C9C9}.Debug|x86.ActiveCfg = Debug|Win32
		{F850D7DF-974B-481D-9CE1-CF728586C9C9}.Debug|x86.Build.0 = Debug|Win32
		{F850D7DF-974B-481D-9CE1-CF728586C9C9}.Release|x64.ActiveCfg = Release|x64
		{F850D7DF-974B-481D-9CE1-CF728586C9C9}.Release|x64.Build.0 = Release|x64
		{F850D7DF-974B-481D-9CE1-CF728586C9C9}.Release|x86.ActiveCfg = Release|Win32
		{F850D7DF-974B-481D-9CE1-CF728586C9C9}.Release|x86.Build.0 = Release|Win32
		{3D708917-5949-43A8-BF03-439DCF32031B}.Debug|x64.ActiveCfg = Debug|x64
		{3D708917-5949-43A8-BF03-439DCF32031B}.Debug|x64.Build.0 = Debug|x64
		{3D708917-5949-43A8-BF03-439DCF32031B}.Debug|x86.ActiveCfg = Debug|Win32
		{3D708917-5949-43A8-BF03-439DCF32031B}.Debug|x86.Build.0 = Debug|Win32
		{3D708917-5949-43A8-BF03-439DCF32031B}.Release|x64.ActiveCfg = Release|x64
		{3D708917-5949-43A8-BF03-439DCF32031B}.Release|x64.Build.0 = Release|x64
		{3D708917-5949-43A8-BF03-439DCF32031B}.Release|x86.ActiveCfg = Release|Win32
		{3D708917-5949-43A8-BF03-439DCF32031B}.Release|x86.Build.0 = Release|Win32
		{8D6C26EC-B939-491C-A7E8-400615FDD590}.Debug|x64.ActiveCfg = Debug|x64
		{8D6C26EC-B939-491C-A7E8-400615FDD590}.Debug|x64.Build.0 = Debug|x64
		{8D6C26EC-B939-491C-A7E8-400615FDD590}.Debug|x86.ActiveCfg = Debug|Win32
		{8D6C26EC-B939-491C-A7E8-400615FDD590}.Debug|x86.Build.0 = Debug|Win32
		{8D6C26EC-B939-491C-A7E8-400615FDD590}.Release|x64.ActiveCfg = Release|x64
		{8D6C26EC-B939-491C-A7E8-400615FDD590}.Release|x64.Build.0 = Release|x64
		{8D6C26EC-B939-491C-A7E8-400615FDD590}.Release|x86.ActiveCfg = Release|Win32
		{8D6C26EC-B939-491C-A7E8-400615FDD590}.Release|x86.Build.0 = Release|Win32
		{E813A280-9FEA-4FCF-8C78-B0A5AFE6C214}.Debug|x64.ActiveCfg = Debug|x64
		{E813A280-9FEA-4FCF-8C78-B0A5AFE6C214}.Debug|x64.Build.0 = Debug|x64
		{E813A280-9FEA-4FCF-8C78-B0A5AFE6C214}.Debug|x86.ActiveCfg = Debug|Win32
		{E813A280-9FEA-4FCF-8C78-B0A5AFE6C214}.Debug|x86.Build.0 = Debug|Win32
		{E813A280-9FEA-4FCF-8C78-B0A5AFE6C214}.Release|x64.ActiveCfg = Release|x64
		{E813A280-9FEA-4FCF-8C78-B0A5AFE6C214}.Release|x64.Build.0 = Release|x64
		{E813A280-9FEA-4FCF-8C78-B0A5AFE6C214}.Release|x86.ActiveCfg = Release|Win32
		{E813A280-9FEA-4FCF-8C78-B0A5AFE6C214}.Release|x86.Build.0 = Release|Win32
		{59D0C960-AF04-47FB-9981-5F5486096D22}.Debug|x64.ActiveCfg = Debug|x64
		{59D0C960-AF04-47FB-9981-5F5486096D22}.Debug|x64.Build.0 = Debug|x64
		{59D0C960-AF04-47FB-9981-5F5486096D22}.Debug|x86.ActiveCfg = Debug|Win32
		{59D0C960-AF04-47FB-9981-5F5486096D22}.Debug|x86.Build.0 = Debug|Win32
		{59D0C960-AF04-47FB-9981-5F5486096D22}.Release|x64.ActiveCfg = Release|x64
		{59D0C960-AF04-47FB-9981-5F5486096D22}.Release|x64.Build.0 = Release|x64
		{59D0C960-AF04-47FB-9981-5F5486096D22}.Release|x86.ActiveCfg = Release|Win32
		{59D0C960-AF04-47FB-9981-5F5486096D22}.Release|x86.Build.0 = Release|Win32
		{28EEB349-A167-4657-B8C7-7CD84678E786}.Debug|x64.ActiveCfg = Debug|x64
		{28EEB349-A167-4657-B8C7-7CD84678E786}.Debug|x64.Build.0 = Debug|x64
		{28EEB349-A167-4657-B8C7-7CD84678E786}.Debug|x86.ActiveCfg = Debug|Win32
		{28EEB349-A167-4657-B8C7-7CD84678E786}.Debug|x86.Build.0 = Debug|Win32
		{28EEB349-A167-4657-B8C7-7CD84678E786}.Release|x64.ActiveCfg = Release|x64
		{28EEB349-A167-4657-B8C7-7CD84678E786}.Release|x64.Build.0 = Release|x64
		{28EEB349-A167-4657-B8C7-7CD84678E786}.Release|x86.ActiveCfg = Release|Win32
		{28EEB349-A167-4657-B8C7-7CD84678E786}.Release|x86.Build.0 = Release|Win32
		{CAB09EBF-1459-4621-8F11-6FD6EC8806AB}.Debug|x64.ActiveCfg = Debug|x64
		{CAB09EBF-1459-4621-8F11-6FD6EC8806AB}.Debug|x64.Build.0 = Debug|x64
		{CAB09EBF-1459-4621-8F11-6FD6EC8806AB}.Debug|x86.ActiveCfg = Debug|Win32
		{CAB09EBF-1459-4621-8F11-6FD6EC8806AB}.Debug|x86.Build.0 = Debug|Win32
		{CAB09EBF-1459-4621-8F11-6FD6EC8806AB}.Release|x64.ActiveCfg = Release|x64
		{CAB09EBF-1459-4621-8F11-6FD6EC8806AB}.Release|x64.Build.0 = Release|x64
		{CAB09EBF-1459-4621-8F11-6FD6EC8806AB}.Release|x86.ActiveCfg = Release|Win32
		{CAB09EBF-1459-4621-8F11-6FD6EC8806AB}.Release|x86.Build.0 = Release|Win32
		{C2627467-3CDF-491A-954D-5924618DE5F1}.Debug|x64.ActiveCfg = Debug|x64
		{C2627467-3CDF-491A-954D-5924618DE5F1}.Debug|x64.Build.0 = Debug|x64
		{C2627467-3CDF-491A-954D-5924618DE5F1}.Debug|x86.ActiveCfg = Debug|Win32
		{C2627467-3CDF-491A-954D-5924618DE5F1}.Debug|x86.Build.0 = Debug|Win32
		{C2627467-3CDF-491A-954D-5924618DE5F1}.Release|x64.ActiveCfg = Release|x64
		{C2627467-3CDF-491A-954D-5924618DE5F1}.Release|x64.Build.0 = Release|x64
		{C2627467-3CDF-491A-954D-5924618DE5F1}.Release|x86.ActiveCfg = Release|Win32
		{C2627467-3CDF-491A-954D-5924618DE5F1}.Release|x86.Build.0 = Release|Win32
		{9F376F56-E335-45C0-888D-4CF664573216}.Debug|x64.ActiveCfg = Debug|x64
		{9F376F56-E335-45C0-888D-4CF664573216}.Debug|x64.Build.0 = Debug|x64
		{9F376F56-E335-45C0-888D-4CF664573216}.Debug|x86.ActiveCfg = Debug|Win32
		{9F376F56-E335-45C0-888D-4CF664573216}.Debug|x86.Build.0 = Debug|Win32
		{9F376F56-E335-45C0-888D-4CF664573216}.Release|x64.ActiveCfg = Release|x64
		{9F376F56-E335-45C0-888D-4CF664573216}.Release|x64.Build.0 = Release|x64
		{9F376F56-E335-45C0-888D-4CF664573216}.Release|x86.ActiveCfg = Release|Win32
		{9F376F56-E335-45C0-888D-4CF664573216}.Release|x86.Build.0 = Release|Win32
		{182389F3-36C0-4079-97BC-4BA2D10A0B90}.Debug|x64.ActiveCfg = Debug|x64
		{182389F3-36C0-4079-97BC-4BA2D10A0B90}.Debug|x64.Build.0 = Debug|x64
		{182389F3-36C0-4079-97BC-4BA2D10A0B90}.Debug|x86.ActiveCfg = Debug|Win32
		{182389F3-36C0-4079-97BC-4BA2D10A0B90}.Debug|x86.Build.0 = Debug|Win32
		{182389F3-36C0-4079-97BC-4BA2D10A0B90}.Release|x64.ActiveCfg = Release|x64
		{182389F3-36C0-4079-97BC-4BA2D10A0B90}.Release|x64.Build.0 = Release|x64
		{182389F3-36C0-4079-97BC-4BA2D10A0B90}.Release|x86.ActiveCfg = Release|Win32
		{182389F3-36C0-4079-97BC-4BA2D10A0B90}.Release|x86.Build.0 = Release|Win32
		{2BF265DA-1922-4B43-B801-60E3E5E5E68E}.Debug|x64.ActiveCfg = Debug|x64
		{2BF265DA-1922-4B43-B801-60E3E5E5E68E}.Debug|x64.Build.0 = Debug|x64
		{2BF265DA-1922-4B43-B801-60E3E5E5E68E}.Debug|x86.ActiveCfg = Debug|Win32
		{2BF265DA-1922-4B43-B801-60E3E5E5E68E}.Debug|x86.Build.0 = Debug|Win32
		{2BF265DA-1922-4B43-B801-60E3E5E5E68E}.Release|x64.ActiveCfg = Release|x64
		{2BF265DA-1922-4B43-B801-60E3E5E5E68E}.Release|x64.Build.0 = Release|x64
		{2BF265DA-1922-4B43-B801-60E3E5E5E68E}.Release|x86.ActiveCfg = Release|Win32
		{2BF265DA-1922-4B43-B801-60E3E5E5E68E}.Release|x86.Build.0 = Release|Win32
		{10E05314-D2CC-4B59-8174-09D06C1034BD}.Debug|x64.ActiveCfg = Debug|x64
		{10E05314-D2CC-4B59-8174-09D06C1034BD}.Debug|x64.Build.0 = Debug|x64
		{10E05314-D2CC-4B59-8174-09D06C1034BD}.Debug|x86.ActiveCfg = Debug|Win32
		{10E05314-D2CC-4B59-8174-09D06C1034BD}.Debug|x86.Build.0 = Debug|Win32
		{10E05314-D2CC-4B59-8174-09D06C1034BD}.Release|x64.ActiveCfg = Release|x64
		{10E05314-D2CC-4B59-8174-09D06C1034BD}.Release|x64.Build.0 = Release|x64
		{10E05314-D2CC-4B59-8174-09D06C1034BD}.Release|x86.ActiveCfg = Release|Win32
		{10E05314-D2CC-4B59-8174-09D06C1034BD}.Release|x86.Build.0 = Release|Win32
		{AEE27610-60F5-4BC3-8325-494B15735882}.Debug|x64.ActiveCfg = Debug|x64
		{AEE27610-60F5-4BC3-8325-494B15735882}.Debug|x64.Build.0 = Debug|x64
		{AEE27610-60F5-4BC3-8325-494B15735882}.Debug|x86.ActiveCfg = Debug|Win32
		{AEE27610-60F5-4BC3-8325-494B15735882}.Debug|x86.Build.0 = Debug|Win32
		{AEE27610-60F5-4BC3-8325-494B15735882}.Release|x64.ActiveCfg = Release|x64
		{AEE27610-60F5-4BC3-8325-494B15735882}.Release|x64.Build.0 = Release|x64
		{AEE27610-60F5-4BC3-8325-494B15735882}.Release|x86.ActiveCfg = Release|Win32
		{AEE27610-60F5-4BC3-8325-494B15735882}.Release|x86.Build.0 = Release|Win32
		{350B6AE6-8EBD-4467-A5DF-BEF889C722FE}.Debug|x64.ActiveCfg = Debug|x64
		{350B6AE6-8EBD-4467-A5DF-BEF889C722FE}.Debug|x64.Build.0 = Debug|x64
		{350B6AE6-8EBD-4467-A5DF-BEF889C722FE}.Debug|x86.ActiveCfg = Debug|Win32
		{350B6AE6-8EBD-4467-A5DF-BEF889C722FE}.Debug|x86.Build.0 = Debug|Win32
		{350B6AE6-8EBD-4467-A5DF-BEF889C722FE}.Release|x64.ActiveCfg = Release|x64
		{350B6AE6-8EBD-4467-A5DF-BEF889C722FE}.Release|x64.Build.0 = Release|x64
		{350B6AE6-8EBD-4467-A5DF-BEF889C722FE}.Release|x86.ActiveCfg = Release|Win32
		{350B6AE6-8EBD-4467-A5DF-BEF889C722FE}.Release|x86.Build.0 = Release|Win32
		{D3641409-173B-432D-AA3C-31F513D8F946}.Debug|x64.ActiveCfg = Debug|x64
		{D3641409-173B-432D-AA3C-31F513D8F946}.Debug|x64.Build.0 = Debug|x64
		{D3641409-173B-432D-AA3C-31F513D8F946}.Debug|x86.ActiveCfg = Debug|Win32
		{D3641409-173B-432D-AA3C-31F513D8F946}.Debug|x86.Build.0 = Debug|Win32
		{D3641409-173B-432D-AA3C-31F513D8F946}.Release|x64.ActiveCfg = Release|x64
		{D3641409-173B-432D-AA3C-31F513D8F946}.Release|x64.Build.0 = Release|x64
		{D3641409-173B-432D-AA3C-31F513D8F946}.Release|x86.ActiveCfg = Release|Win32
		{D3641409-173B-432D-AA3C-31F513D8F946}.Release|x86.Build.0 = Release|Win32
		{EBF20851-3259-4578-AB0C-C51D7AA1BB86}.Debug|x64.ActiveCfg = Debug|x64
		{EBF20851-3259-4578-AB0C-C51D7AA1BB86}.Debug|x64.Build.0 = Debug|x64
		{EBF20851-3259-4578-AB0C-C51D7AA1BB86}.Debug|x86.ActiveCfg = Debug|Win32
		{EBF20851-3259-4578-AB0C-C51D7AA1BB86}.Debug|x86.Build.0 = Debug|Win32
		{EBF20851-3259-4578-AB0C-C51D7AA1BB86}.Release|x64.ActiveCfg = Release|x64
		{EBF20851-3259-4578-AB0C-C51D7AA1BB86}.Release|x64.Build.0 = Release|x64
		{EBF20851-3259-4578-AB0C-C51D7AA1BB86}.Release|x86.ActiveCfg = Release|Win32
		{EBF20851-3259-4578-AB0C-C51D7AA1BB86}.Release|x86.Build.0 = Release|Win32
		{8B240B00-17C1-4FA3-9BD6-1FAC7AA3C059}.Debug|x64.ActiveCfg = Debug|x64
		{8B240B00-17C1-4FA3-9BD6-1FAC7AA3C059}.Debug|x64.Build.0 = Debug|x64
		{8B240B00-17C1-4FA3-9BD6-1FAC7AA3C059}.Debug|x86.ActiveCfg = Debug|Win32
		{8B240B00-17C1-4FA3-9BD6-1FAC7AA3C059}.Debug|x86.Build.0 = Debug|Win32
		{8B240B00-17C1-4FA3-9BD6-1FAC7AA3C059}.Release|x64.ActiveCfg = Release|x64
		{8B240B00-17C1-4FA3-9BD6-1FAC7AA3C059}.Release|x64.Build.0 = Release|x64
		{8B240B00-17C1-4FA3-9BD6-1FAC7AA3C059}.Release|x86.ActiveCfg = Release|Win32
		{8B240B00-17C1-4FA3-9BD6-1FAC7AA3C059}.Release|x86.Build.0 = Release|Win32
		{367F20D1-B93D-442E-8EBA-C7A3DFCCE59A}.Debug|x64.ActiveCfg = Debug|x64
		{367F20D1-B93D-442E-8EBA-C7A3DFCCE59A}.Debug|x64.Build.0 = Debug|x64
		{367F20D1-B93D-442E-8EBA-C7A3DFCCE59A}.Debug|x86.ActiveCfg = Debug|Win32
		{367F20D1-B93D-442E-8EBA-C7A3DFCCE59A}.Debug|x86.Build.0 = Debug|Win32
		{367F20D1-B93D-442E-8EBA-C7A3DFCCE59A}.Release|x64.ActiveCfg = Release|x64
		{367F20D1-B93D-442E-8EBA-C7A3DFCCE59A}.Release|x64.Build.0 = Release|x64
		{367F20D1-B93D-442E-8EBA-C7A3DFCCE59A}.Release|x86.ActiveCfg = Release|Win32
		{367F20D1-B93D-442E-8EBA-C7A3DFCCE59A}.Release|x86.Build.0 = Release|Win32
		{B742E9DC-928C-4CF5-86B3-8B2D0C615256}.Debug|x64.ActiveCfg = Debug|x64
		{B742E9DC-928C-4CF5-86B3-8B2D0C615256}.Debug|x64.Build.0 = Debug|x64
		{B742E9DC-928C-4CF5-86B3-8B2D0C615256}.Debug|x86.ActiveCfg = Debug|Win32
		{B742E9DC-928C-4CF5-86B3-8B2D0C615256}.Debug|x86.Build.0 = Debug|Win32
		{B742E9DC-928C-4CF5-86B3-8B2D0C615256}.Release|x64.ActiveCfg = Release|x64
		{B742E9DC-928C-4CF5-86B3-8B2D0C615256}.Release|x64.Build.0 = Release|x64
		{B742E9DC-928C-4CF5-86B3-8B2D0C615256}.Release|x86.ActiveCfg = Release|Win32
		{B742E9DC-928C-4CF5-86B3-8B2D0C615256}.Release|x86.Build.0 = Release|Win32
		{9383E103-47F3-4CB1-9B32-3AD6AD787F32}.Debug|x64.ActiveCfg = Debug|x64
		{9383E103-47F3-4CB1-9B32-3AD6AD787F32}.Debug|x64.Build.0 = Debug|x64
		{9383E103-47F3-4CB1-9B32-3AD6AD787F32}.Debug|x86.ActiveCfg = Debug|Win32
		{9383E103-47F3-4CB1-9B32-3AD6AD787F32}.Debug|x86.Build.0 = Debug|Win32
		{9383E103-47F3-4CB1-9B32-3AD6AD787F32}.Release|x64.ActiveCfg = Release|x64
		{9383E103-47F3-4CB1-9B32-3AD6AD787F32}.Release|x64.Build.0 = Release|x64
		{9383E103-47F3-4CB1-9B32-3AD6AD787F32}.Release|x86.ActiveCfg = Release|Win32
		{9383E103-47F3-4CB1-9B32-3AD6AD787F32}.Release|x86.Build.0 = Release|Win32
		{06F5238F-A3E2-4C5D-9C9E-AC49844865ED}.Debug|x64.ActiveCfg = Debug|x64
		{06F5238F-A3E2-4C5D-9C9E-AC49844865ED}.Debug|x64.Build.0 = Debug|x64
		{06F5238F-A3E2-4C5D-9C9E-AC49844865ED}.Debug|x86.ActiveCfg = Debug|Win32
		{06F5238F-A3E2-4C5D-9C9E-AC49844865ED}.Debug|x86.Build.0 = Debug|Win32
		{06F5238F-A3E2-4C5D-9C9E-AC49844865ED}.Release|x64.ActiveCfg = Release|x64
		{06F5238F-A3E2-4C5D-9C9E-AC49844865ED}.Release|x64.Build.0 = Release|x64
		{06F5238F-A3E2-4C5D-9C9E-AC49844865ED}.Release|x86.ActiveCfg = Release|Win32
		{06F5238F-A3E2-4C5D-9C9E-AC49844865ED}.Release|x86.Build.0 = Release|Win32
		{3425D7D1-20D3-4F29-AE4F-546F9867DFC6}.Debug|x64.ActiveCfg = Debug|x64
		{3425D7D1-20D3-4F29-AE4F-546F9867DFC6}.Debug|x64.Build.0 = Debug|x64
		{3425D7D1-20D3-4F29-AE4F-546F9867DFC6}.Debug|x86.ActiveCfg = Debug|Win32
		{3425D7D1-20D3-4F29-AE4F-546F9867DFC6}.Debug|x86.Build.0 = Debug|Win32
		{3425D7D1-20D3-4F29-AE4F-546F9867DFC6}.Release|x64.ActiveCfg = Release|x64
		{3425D7D1-20D3-4F29-AE4F-546F9867DFC6}.Release|x64.Build.0 = Release|x64
		{3425D7D1-20D3-4F29-AE4F-546F9867DFC6}.Release|x86.ActiveCfg = Release|Win32
		{3425D7D1-20D3-4F29-AE4F-546F9867DFC6}.Release|x86.Build.0 = Release|Win32
		{689F6F25-2712-4C03-9012-9924B8F795A3}.Debug|x64.ActiveCfg = Debug|x64
		{689F6F25-2712-4C03-9012-9924B8F795A3}.Debug|x64.Build.0 = Debug|x64
		{689F6F25-2712-4C03-9012-9924B8F795A3}.Debug|x86.ActiveCfg = Debug|Win32
		{689F6F25-2712-4C03-9012-9924B8F795A3}.Debug|x86.Build.0 = Debug|Win32
		{689F6F25-2712-4C03-9012-9924B8F795A3}.Release|x64.ActiveCfg = Release|x64
		{689F6F25-2712-4C03-9012-9924B8F795A3}.Release|x64.Build.0 = Release|x64
		{689F6F25-2712-4C03-9012-9924B8F795A3}.Release|x86.ActiveCfg = Release|Win32
		{689F6F25-2712-4C03-9012-9924B8F795A3}.Release|x86.Build.0 = Release|Win32
		{604B5B2B-2AE1-4E0F-8A15-D022FECDCCAF}.Debug|x64.ActiveCfg = Debug|x64
		{604B5B2B-2AE1-4E0F-8A15-D022FECDCCAF}.Debug|x64.Build.0 = Debug|x64
		{604B5B2B-2AE1-4E0F-8A15-D022FECDCCAF}.Debug|x86.ActiveCfg = Debug|Win32
		{604B5B2B-2AE1-4E0F-8A15-D022FECDCCAF}.Debug|x86.Build.0 = Debug|Win32
		{604B5B2B-2AE1-4E0F-8A15-D022FECDCCAF}.Release|x64.ActiveCfg = Release|x64
		{604B5B2B-2AE1-4E0F-8A15-D022FECDCCAF}.Release|x64.Build.0 = Release|x64
		{604B5B2B-2AE1-4E0F-8A15-D022FECDCCAF}.Release|x86.ActiveCfg = Release|Win32
		{604B5B2B-2AE1-4E0F-8A15-D022FECDCCAF}.Release|x86.Build.0 = Release|Win32
		{B05DCF8E-E8C5-447C-88AC-F066BD444BE7}.Debug|x64.ActiveCfg = Debug|x64
		{B05DCF8E-E8C5-447C-88AC-F066BD444BE7}.Debug|x64.Build.0 = Debug|x64
		{B05DCF8E-E8C5-447C-88AC-F066BD444BE7}.Debug|x86.ActiveCfg = Debug|Win32
		{B05DCF8E-E8C5-447C-88AC-F066BD444BE7}.Debug|x86.Build.0 = Debug|Win32
		{B05DCF8E-E8C5-447C-88AC-F066BD444BE7}.Release|x64.ActiveCfg = Release|x64
		{B05DCF8E-E8C5-447C-88AC-F066BD444BE7}.Release|x64.Build.0 = Release|x64
		{B05DCF8E-E8C5-447C-88AC-F066BD444BE7}.Release|x86.ActiveCfg = Release|Win32
		{B05DCF8E-E8C5-447C-88AC-F066BD444BE7}.Release|x86.Build.0 = Release|Win32
		{636AD67E-81D1-4FCF-A659-83BE47103C9D}.Debug|x64.ActiveCfg = Debug|x64
		{636AD67E-81D1-4FCF-A659-83BE47103C9D}.Debug|x64.Build.0 = Debug|x64
		{636AD67E-81D1-4FCF-A659-83BE47103C9D}.Debug|x86.ActiveCfg = Debug|Win32
		{636AD67E-81D1-4FCF-A659-83BE47103C9D}.Debug|x86.Build.0 = Debug|Win32
		{636AD67E-81D1-4FCF-A659-83BE47103C9D}.Release|x64.ActiveCfg = Release|x64
		{636AD67E-81D1-4FCF-A659-83BE47103C9D}.Release|x64.Build.0 = Release|x64
		{636AD67E-81D1-4FCF-A659-83BE47103C9D}.Release|x86.ActiveCfg = Release|Win32
		{636AD67E-81D1-4FCF-A659-83BE47103C9D}.Release|x86.Build.0 = Release|Win32
		{00CC1869-5F8C-4333-9C2F-F9ADBBA74397}.Debug|x64.ActiveCfg = Debug|x64
		{00CC1869-5F8C-4333-9C2F-F9ADBBA74397}.Debug|x64.Build.0 = Debug|x64
		{00CC1869-5F8C-4333-9C2F-F9ADBBA74397}.Debug|x86.ActiveCfg = Debug|Win32
		{00CC1869-5F8C-4333-9C2F-F9ADBBA74397}.Debug|x86.Build.0 = Debug|Win32
		{00CC1869-5F8C-4333-9C2F-F9ADBBA74397}.Release|x64.ActiveCfg = Release|x64
		{00CC1869-5F8C-4333-9C2F-F9ADBBA74397}.Release|x64.Build.0 = Release|x64
		{00CC1869-5F8C-4333-9C2F-F9ADBBA74397}.Release|x86.ActiveCfg = Release|Win32
		{00CC1869-5F8C-4333-9C2F-F9ADBBA74397}.Release|x86.Build.0 = Release|Win32
		{B0FC81B5-5475-41C3-BC38-0FB271162841}.Debug|x64.ActiveCfg = Debug|x64
		{B0FC81B5-5475-41C3-BC38-0FB271162841}.Debug|x64.Build.0 = Debug|x64
		{B0FC81B5-5475-41C3-BC38-0FB271162841}.Debug|x86.ActiveCfg = Debug|Win32
		{B0FC81B5-5475-41C3-BC38-0FB271162841}.Debug|x86.Build.0 = Debug|Win32
		{B0FC81B5-5475-41C3-BC38-0FB271162841}.Release|x64.ActiveCfg = Release|x64
		{B0FC81B5-5475-41C3-BC38-0FB271162841}.Release|x64.Build.0 = Release|x64
		{B0FC81B5-5475-41C3-BC38-0FB271162841}.Release|x86.ActiveCfg = Release|Win32
		{B0FC81B5-5475-41C3-BC38-0FB271162841}.Release|x86.Build.0 = Release|Win32
		{DC3E2CC9-4AAC-4B56-8D32-CB21027F8185}.Debug|x64.ActiveCfg = Debug|x64
		{DC3E2CC9-4AAC-4B56-8D32-CB21027F8185}.Debug|x64.Build.0 = Debug|x64
		{DC3E2CC9-4AAC-4B56-8D32-CB21027F8185}.Debug|x86.ActiveCfg = Debug|Win32
		{DC3E2CC9-4AAC-4B56-8D32-CB21027F8185}.Debug|x86.Build.0 = Debug|Win32
		{DC3E2CC9-4AAC-4B56-8D32-CB21027F8185}.Release|x64.ActiveCfg = Release|x64
		{DC3E2CC9-4AAC-4B56-8D32-CB21027F8185}.Release|x64.Build.0 = Release|x64
		{DC3E2CC9-4AAC-4B56-8D32-CB21027F8185}.Release|x86.ActiveCfg = Release|Win32
		{DC3E2CC9-4AAC-4B56-8D32-CB21027F8185}.Release|x86.Build.0 = Release|Win32
		{C935A77C-1C77-4210-BA6E-F7E17A0979E2}.Debug|x64.ActiveCfg = Debug|x64
		{C935A77C-1C77-4210-BA6E-F7E17A0979E2}.Debug|x64.Build.0 = Debug|x64
		{C935A77C-1C77-4210-BA6E-F7E17A0979E2}.Debug|x86.ActiveCfg = Debug|Win32
		{C935A77C-1C77-4210-BA6E-F7E17A0979E2}.Debug|x86.Build.0 = Debug|Win32
		{C935A77C-1C77-4210-BA6E-F7E17A0979E2}.Release|x64.ActiveCfg = Release|x64
		{C935A77C-1C77-4210-BA6E-F7E17A0979E2}.Release|x64.Build.0 = Release|x64
		{C935A77C-1C77-4210-BA6E-F7E17A0979E2}.Release|x86.ActiveCfg = Release|Win32
		{C935A77C-1C77-4210-BA6E-F7E17A0979E2}.Release|x86.Build.0 = Release|Win32
		{D069154C-9788-42FC-8A4D-DA109251E3D2}.Debug|x64.ActiveCfg = Debug|x64
		{D069154C-9788-42FC-8A4D-DA109251E3D2}.Debug|x64.Build.0 = Debug|x64
		{D069154C-9788-42FC-8A4D-DA109251E3D2}.Debug|x86.ActiveCfg = Debug|Win32
		{D069154C-9788-42FC-8A4D-DA109251E3D2}.Debug|x86.Build.0 = Debug|Win32
		{D069154C-9788-42FC-8A4D-DA109251E3D2}.Release|x64.ActiveCfg = Release|x64
		{D069154C-9788-42FC-8A4D-DA109251E3D2}.Release|x64.Build.0 = Release|x64
		{D069154C-9788-42FC-8A4D-DA109251E3D2}.Release|x86.ActiveCfg = Release|Win32
		{D069154C-9788-42FC-8A4D-DA109251E3D2}.Release|x86.Build.0 = Release|Win32
		{BD5FB3AC-5025-405E-AB7C-4ABBBCB7707F}.Debug|x64.ActiveCfg = Debug|x64
		{BD5FB3AC-5025-405E-AB7C-4ABBBCB7707F}.Debug|x64.Build.0 = Debug|x64
		{BD5FB3AC-5025-405E-AB7C-4ABBBCB7707F}.Debug|x86.ActiveCfg = Debug|Win32
		{BD5FB3AC-5025-405E-AB7C-4ABBBCB7707F}.Debug|x86.Build.0 = Debug|Win32
		{BD5FB3AC-5025-405E-AB7C-4ABBBCB7707F}.Release|x64.ActiveCfg = Release|x64
		{BD5FB3AC-5025-405E-AB7C-4ABBBCB7707F}.Release|x64.Build.0 = Release|x64
		{BD5FB3AC-5025-405E-AB7C-4ABBBCB7707F}.Release|x86.ActiveCfg = Release|Win32
		{BD5FB3AC-5025-405E-AB7C-4ABBBCB7707F}.Release|x86.Build.0 = Release|Win32
		{214E238D-29C2-495B-A40E-9B3336DE06EB}.Debug|x64.ActiveCfg = Debug|x64
		{214E238D-29C2-495B-A40E-9B3336DE06EB}.Debug|x64.Build.0 = Debug|x64
		{214E238D-29C2-495B-A40E-9B3336DE06EB}.Debug|x86.ActiveCfg = Debug|Win32
		{214E238D-29C2-495B-A40E-9B3336DE06EB}.Debug|x86.Build.0 = Debug|Win32
		{214E238D-29C2-495B-A40E-9B3336DE06EB}.Release|x64.ActiveCfg = Release|x64
		{214E238D-29C2-495B-A40E-9B3336DE06EB}.Release|x64.Build.0 = Release|x64
		{214E238D-29C2-495B-A40E-9B3336DE06EB}.Release|x86.ActiveCfg = Release|Win32
		{214E238D-29C2-495B-A40E-9B3336DE06EB}.Release|x86.Build.0 = Release|Win32
		{9C849297-B6BB-4A8D-8D14-3BAD800569E7}.Debug|x64.ActiveCfg = Debug|x64
		{9C849297-B6BB-4A8D-8D14-3BAD800569E7}.Debug|x64.Build.0 = Debug|x64
		{9C849297-B6BB-4A8D-8D14-3BAD800569E7}.Debug|x86.ActiveCfg = Debug|Win32
		{9C849297-B6BB-4A8D-8D14-3BAD800569E7}.Debug|x86.Build.0 = Debug|Win32
		{9C849297-B6BB-4A8D-8D14-3BAD800569E7}.Release|x64.ActiveCfg = Release|x64
		{9C849297-B6BB-4A8D-8D14-3BAD800569E7}.Release|x64.Build.0 = Release|x64
		{9C849297-B6BB-4A8D-8D14-3BAD800569E7}.Release|x86.ActiveCfg = Release|Win32
		{9C849297-B6BB-4A8D-8D14-3BAD800569E7}.Release|x86.Build.0 = Release|Win32
		{2ADD13E3-0AEB-4AAB-9BF8-C15351342005}.Debug|x64.ActiveCfg = Debug|x64
		{2ADD13E3-0AEB-4AAB-9BF8-C15351342005}.Debug|x64.Build.0 = Debug|x64
		{2ADD13E3-0AEB-4AAB-9BF8-C15351342005}.Debug|x86.ActiveCfg = Debug|Win32
		{2ADD13E3-0AEB-4AAB-9BF8-C15351342005}.Debug|x86.Build.0 = Debug|Win32
		{2ADD13E3-0AEB-4AAB-9BF8-C15351342005}.Release|x64.ActiveCfg = Release|x64
		{2ADD13E3-0AEB-4AAB-9BF8-C15351342005}.Release|x64.Build.0 = Release|x64
		{2ADD13E3-0AEB-4AAB-9BF8-C15351342005}.Release|x86.ActiveCfg = Release|Win32
		{2ADD13E3-0AEB-4AAB-9BF8-C15351342005}.Release|x86.Build.0 = Release|Win32
		{A3C675DE-BDE3-4D51-87F6-6A8ADA6D0FD6}.Debug|x64.ActiveCfg = Debug|x64
		{A3C675DE-BDE3-4D51-87F6-6A8ADA6D0FD6}.Debug|x64.Build.0 = Debug|x64
		{A3C675DE-BDE3-4D51-87F6-6A8ADA6D0FD6}.Debug|x86.ActiveCfg = Debug|Win32
		{A3C675DE-BDE3-4D51-87F6-6A8ADA6D0FD6}.Debug|x86.Build.0 = Debug|Win32
		{A3C675DE-BDE3-4D51-87F6-6A8ADA6D0FD6}.Release|x64.ActiveCfg = Release|x64
		{A3C675DE-BDE3-4D51-87F6-6A8ADA6D0FD6}.Release|x64.Build.0 = Release|x64
		{A3C675DE-BDE3-4D51-87F6-6A8ADA6D0FD6}.Release|x86.ActiveCfg = Release|Win32
		{A3C675DE-BDE3-4D51-87F6-6A8ADA6D0FD6}.Release|x86.Build.0 = Release|Win32
		{A2F2256A-C684-47FC-9E1E-D8F5E8955FA1}.Debug|x64.ActiveCfg = Debug|x64
		{A2F2256A-C684-47FC-9E1E-D8F5E8955FA1}.Debug|x64.Build.0 = Debug|x64
		{A2F2256A-C684-47FC-9E1E-D8F5E8955FA1}.Debug|x86.ActiveCfg = Debug|Win32
		{A2F2256A-C684-47FC-9E1E-D8F5E8955FA1}.Debug|x86.Build.0 = Debug|Win32
		{A2F2256A-C684-47FC-9E1E-D8F5E8955FA1}.Release|x64.ActiveCfg = Release|x64
		{A2F2256A-C684-47FC-9E1E-D8F5E8955FA1}.Release|x64.Build.0 = Release|x64
		{A2F2256A-C684-47FC-9E1E-D8F5E8955FA1}.Release|x86.ActiveCfg = Release|Win32
		{A2F2256A-C684-47FC-9E1E-D8F5E8955FA1}.Release|x86.Build.0 = Release|Win32
		{327025B0-F2EC-4B9A-A78A-020884113F29}.Debug|x64.ActiveCfg = Debug|x64
		{327025B0-F2EC-4B9A-A78A-020884113F29}.Debug|x64.Build.0 = Debug|x64
		{327025B0-F2EC-4B9A-A78A-020884113F29}.Debug|x86.ActiveCfg = Debug|Win32
		{327025B0-F2EC-4B9A-A78A-020884113F29}.Debug|x86.Build.0 = Debug|Win32
		{327025B0-F2EC-4B9A-A78A-020884113F29}.Release|x64.ActiveCfg = Release|x64
		{327025B0-F2EC-4B9A-A78A-020884113F29}.Release|x64.Build.0 = Release|x64
		{327025B0-F2EC-4B9A-A78A-020884113F29}.Release|x86.ActiveCfg = Release|Win32
		{327025B0-F2EC-4B9A-A78A-020884113F29}.Release|x86.Build.0 = Release|Win32
		{8475CC3D-2468-4B33-ABBC-67F5EF720969}.Debug|x64.ActiveCfg = Debug|x64
		{8475CC3D-2468-4B33-ABBC-67F5EF720969}.Debug|x64.Build.0 = Debug|x64
		{8475CC3D-2468-4B33-ABBC-67F5EF720969}.Debug|x86.ActiveCfg = Debug|Win32
		{8475CC3D-2468-4B33-ABBC-67F5EF720969}.Debug|x86.Build.0 = Debug|Win32
		{8475CC3D-2468-4B33-ABBC-67F5EF720969}.Release|x64.ActiveCfg = Release|x64
		{8475CC3D-2468-4B33-ABBC-67F5EF720969}.Release|x64.Build.0 = Release|x64
		{8475CC3D-2468-4B33-ABBC-67F5EF720969}.Release|x86.ActiveCfg = Release|Win32
		{8475CC3D-2468-4B33-ABBC-67F5EF720969}.Release|x86.Build.0 = Release|Win32
		{F8AFAEC7-BFB6-40F3-B8D6-38BF2485DD22}.Debug|x64.ActiveCfg = Debug|x64
		{F8AFAEC7-BFB6-40F3-B8D6-38BF2485DD22}.Debug|x64.Build.0 = Debug|x64
		{F8AFAEC7-BFB6-40F3-B8D6-38BF2485DD22}.Debug|x86.ActiveCfg = Debug|Win32
		{F8AFAEC7-BFB6-40F3-B8D6-38BF2485DD22}.Debug|x86.Build.0 = Debug|Win32
		{F8AFAEC7-BFB6-40F3-B8D6-38BF2485DD22}.Release|x64.ActiveCfg = Release|x64
		{F8AFAEC7-BFB6-40F3-B8D6-38BF2485DD22}.Release|x64.Build.0 = Release|x64
		{F8AFAEC7-BFB6-40F3-B8D6-38BF2485DD22}.Release|x86.ActiveCfg = Release|Win32
		{F8AFAEC7-BFB6-40F3-B8D6-38BF2485DD22}.Release|x86.Build.0 = Release|Win32
		{6872EF0C-BE75-4B2C-B4E0-770974486E28}.Debug|x64.ActiveCfg = Debug|x64
		{6872EF0C-BE75-4B2C-B4E0-770974486E28}.Debug|x64.Build.0 = Debug|x64
		{6872EF0C-BE75-4B2C-B4E0-770974486E28}.Debug|x86.ActiveCfg = Debug|Win32
		{6872EF0C-BE75-4B2C-B4E0-770974486E28}.Debug|x86.Build.0 = Debug|Win32
		{6872EF0C-BE75-4B2C-B4E0-770974486E28}.Release|x64.ActiveCfg = Release|x64
		{6872EF0C-BE75-4B2C-B4E0-770974486E28}.Release|x64.Build.0 = Release|x64
		{6872EF0C-BE75-4B2C-B4E0-770974486E28}.Release|x86.ActiveCfg = Release|Win32
		{6872EF0C-BE75-4B2C-B4E0-770974486E28}.Release|x86.Build.0 = Release|Win32
		{22F5F682-CE26-4CB9-9CAC-61C1EE00F685}.Debug|x64.ActiveCfg = Debug|x64
		{22F5F682-CE26-4CB9-9CAC-61C1EE00F685}.Debug|x64.Build.0 = Debug|x64
		{22F5F682-CE26-4CB9-9CAC-61C1EE00F685}.Debug|x86.ActiveCfg = Debug|Win32
		{22F5F682-CE26-4CB9-9CAC-61C1EE00F685}.Debug|x86.Build.0 = Debug|Win32
		{22F5F682-CE26-4CB9-9CAC-61C1EE00F685}.Release|x64.ActiveCfg = Release|x64
		{22F5F682-CE26-4CB9-9CAC-61C1EE00F685}.Release|x64.Build.0 = Release|x64
		{22F5F682-CE26-4CB9-9CAC-61C1EE00F685}.Release|x86.ActiveCfg = Release|Win32
		{22F5F682-CE26-4CB9-9CAC-61C1EE00F685}.Release|x86.Build.0 = Release|Win32
		{07B1087B-2110-448E-A31B-ADA3AE4B7B13}.Debug|x64.ActiveCfg = Debug|x64
		{07B1087B-2110-448E-A31B-ADA3AE4B7B13}.Debug|x64.Build.0 = Debug|x64
		{07B1087B-2110-448E-A31B-ADA3AE4B7B13}.Debug|x86.ActiveCfg = Debug|Win32
		{07B1087B-2110-448E-A31B-ADA3AE4B7B13}.Debug|x86.Build.0 = Debug|Win32
		{07B1087B-2110-448E-A31B-ADA3AE4B7B13}.Release|x64.ActiveCfg = Release|x64
		{07B1087B-2110-448E-A31B-ADA3AE4B7B13}.Release|x64.Build.0 = Release|x64
		{07B1087B-2110-448E-A31B-ADA3AE4B7B13}.Release|x86.ActiveCfg = Release|Win32
		{07B1087B-2110-448E-A31B-ADA3AE4B7B13}.Release|x86.Build.0 = Release|Win32
		{7CB7A6C4-7B37-4339-89AD-BB07D08B6C40}.Debug|x64.ActiveCfg = Debug|x64
		{7CB7A6C4-7B37-4339-89AD-BB07D08B6C40}.Debug|x64.Build.0 = Debug|x64
		{7CB7A6C4-7B37-4339-89AD-BB07D08B6C40}.Debug|x86.ActiveCfg = Debug|Win32
		{7CB7A6C4-7B37-4339-89AD-BB07D08B6C40}.Debug|x86.Build.0 = Debug|Win32
		{7CB7A6C4-7B37-4339-89AD-BB07D08B6C40}.Release|x64.ActiveCfg = Release|x64
		{7CB7A6C4-7B37-4339-89AD-BB07D08B6C40}.Release|x64.Build.0 = Release|x64
		{7CB7A6C4-7B37-4339-89AD-BB07D08B6C40}.Release|x86.ActiveCfg = Release|Win32
		{7CB7A6C4-7B37-4339-89AD-BB07D08B6C40}.Release|x86.Build.0 = Release|Win32
		{20394C82-B107-4329-8547-719B67155630}.Debug|x64.ActiveCfg = Debug|x64
		{20394C82-B107-4329-8547-719B67155630}.Debug|x64.Build.0 = Debug|x64
		{20394C82-B107-4329-8547-719B67155630}.Debug|x86.ActiveCfg = Debug|Win32
		{20394C82-B107-4329-8547-719B67155630}.Debug|x86.Build.0 = Debug|Win32
		{20394C82-B107-4329-8547-719B67155630}.Release|x64.ActiveCfg = Release|x64
		{20394C82-B107-4329-8547-719B67155630}.Release|x64.Build.0 = Release|x64
		{20394C82-B107-4329-8547-719B67155630}.Release|x86.ActiveCfg = Release|Win32
		{20394C82-B107-4329-8547-719B67155630}.Release|x86.Build.0 = Release|Win32
		{502DDFD5-D01F-4675-A3EB-A6322FFC7EF2}.Debug|x64.ActiveCfg = Debug|x64
		{502DDFD5-D01F-4675-A3EB-A6322FFC7EF2}.Debug|x64.Build.0 = Debug|x64
		{502DDFD5-D01F-4675-A3EB-A6322FFC7EF2}.Debug|x86.ActiveCfg = Debug|Win32
		{502DDFD5-D01F-4675-A3EB-A6322FFC7EF2}.Debug|x86.Build.0 = Debug|Win32
		{502DDFD5-D01F-4675-A3EB-A6322FFC7EF2}.Release|x64.ActiveCfg = Release|x64
		{502DDFD5-D01F-4675-A3EB-A6322FFC7EF2}.Release|x64.Build.0 = Release|x64
		{502DDFD5-D01F-4675-A3EB-A6322FFC7EF2}.Release|x86.ActiveCfg = Release|Win32
		{502DDFD5-D01F-4675-A3EB-A6322FFC7EF2}.Release|x86.Build.0 = Release|Win32
		{D015255C-DA01-4968-9C6E-DF4F32754C07}.Debug|x64.ActiveCfg = Debug|x64
		{D015255C-DA01-4968-9C6E-DF4F32754C07}.Debug|x64.Build.0 = Debug|x64
		{D015255C-DA01-4968-9C6E-DF4F32754C07}.Debug|x86.ActiveCfg = Debug|Win32
		{D015255C-DA01-4968-9C6E-DF4F32754C07}.Debug|x86.Build.0 = Debug|Win32
		{D015255C-DA01-4968-9C6E-DF4F32754C07}.Release|x64.ActiveCfg = Release|x64
		{D015255C-DA01-4968-9C6E-DF4F32754C07}.Release|x64.Build.0 = Release|x64
		{D015255C-DA01-4968-9C6E-DF4F32754C07}.Release|x86.ActiveCfg = Release|Win32
		{D015255C-DA01-4968-9C6E-DF4F32754C07}.Release|x86.Build.0 = Release|Win32
		{EE33B849-4B5C-49E3-85A8-526C5E86B8E5}.Debug|x64.ActiveCfg = Debug|x64
		{EE33B849-4B5C-49E3-85A8-526C5E86B8E5}.Debug|x64.Build.0 = Debug|x64
		{EE33B849-4B5C-49E3-85A8-526C5E86B8E5}.Debug|x86.ActiveCfg = Debug|Win32
		{EE33B849-4B5C-49E3-85A8-526C5E86B8E5}.Debug|x86.Build.0 = Debug|Win32
		{EE33B849-4B5C-49E3-85A8-526C5E86B8E5}.Release|x64.ActiveCfg = Release|x64
		{EE33B849-4B5C-49E3-85A8-526C5E86B8E5}.Release|x64.Build.0 = Release|x64
		{EE33B849-4B5C-49E3-85A8-526C5E86B8E5}.Release|x86.ActiveCfg = Release|Win32
		{EE33B849-4B5C-49E3-85A8-526C5E86B8E5}.Release|x86.Build.0 = Release|Win32
		{04BA832B-47BC-4751-92DD-58BA20853882}.Debug|x64.ActiveCfg = Debug|x64
		{04BA832B-47BC-4751-92DD-58BA20853882}.Debug|x64.Build.0 = Debug|x64
		{04BA832B-47BC-4751-92DD-58BA20853882}.Debug|x86.ActiveCfg = Debug|Win32
		{04BA832B-47BC-4751-92DD-58BA20853882}.Debug|x86.Build.0 = Debug|Win32
		{04BA832B-47BC-4751-92DD-58BA20853882}.Release|x64.ActiveCfg = Release|x64
		{04BA832B-47BC-4751-92DD-58BA20853882}.Release|x64.Build.0 = Release|x64
		{04BA832B-47BC-4751-92DD-58BA20853882}.Release|x86.ActiveCfg = Release|Win32
		{04BA832B-47BC-4751-92DD-58BA20853882}.Release|x86.Build.0 = Release|Win32
		{E3B1A7C8-20CC-46ED-B347-513B756CAB23}.Debug|x64.ActiveCfg = Debug|x64
		{E3B1A7C8-20CC-46ED-B347-513B756CAB23}.Debug|x64.Build.0 = Debug|x64
		{E3B1A7C8-20CC-46ED-B347-513B756CAB23}.Debug|x86.ActiveCfg = Debug|Win32
		{E3B1A7C8-20CC-46ED-B347-513B756CAB23}.Debug|x86.Build.0 = Debug|Win32
		{E3B1A7C8-20CC-46ED-B347-513B756CAB23}.Release|x64.ActiveCfg = Release|x64
		{E3B1A7C8-20CC-46ED-B347-513B756CAB23}.Release|x64.Build.0 = Release|x64
		{E3B1A7C8-20CC-46ED-B347-513B756CAB23}.Release|x86.ActiveCfg = Release|Win32
		{E3B1A7C8-20CC-46ED-B347-513B756CAB23}.Release|x86.Build.0 = Release|Win32
		{30A8D9E3-B2B8-46D1-9E0F-061388390831}.Debug|x64.ActiveCfg = Debug|x64
		{30A8D9E3-B2B8-46D1-9E0F-061388390831}.Debug|x64.Build.0 = Debug|x64
		{30A8D9E3-B2B8-46D1-9E0F-061388390831}.Debug|x86.ActiveCfg = Debug|Win32
		{30A8D9E3-B2B8-46D1-9E0F-061388390831}.Debug|x86.Build.0 = Debug|Win32
		{30A8D9E3-B2B8-46D1-9E0F-061388390831}.Release|x64.ActiveCfg = Release|x64
		{30A8D9E3-B2B8-46D1-9E0F-061388390831}.Release|x64.Build.0 = Release|x64
		{30A8D9E3-B2B8-46D1-9E0F-061388390831}.Release|x86.ActiveCfg = Release|Win32
		{30A8D9E3-B2B8-46D1-9E0F-061388390831}.Release|x86.Build.0 = Release|Win32
		{AE4CE7AF-5D2F-4EFD-B8EC-9BD4299A1314}.Debug|x64.ActiveCfg = Debug|x64
		{AE4CE7AF-5D2F-4EFD-B8EC-9BD4299A1314}.Debug|x64.Build.0 = Debug|x64
		{AE4CE7AF-5D2F-4EFD-B8EC-9BD4299A1314}.Debug|x86.ActiveCfg = Debug|Win32
		{AE4CE7AF-5D2F-4EFD-B8EC-9BD4299A1314}.Debug|x86.Build.0 = Debug|Win32
		{AE4CE7AF-5D2F-4EFD-B8EC-9BD4299A1314}.Release|x64.ActiveCfg = Release|x64
		{AE4CE7AF-5D2F-4EFD-B8EC-9BD4299A1314}.Release|x64.Build.0 = Release|x64
		{AE4CE7AF-5D2F-4EFD-B8EC-9BD4299A1314}.Release|x86.ActiveCfg = Release|Win32
		{AE4CE7AF-5D2F-4EFD-B8EC-9BD4299A1314}.Release|x86.Build.0 = Release|Win32
		{F8FE2D95-AF30-4563-993A-C77A1762039E}.Debug|x64.ActiveCfg = Debug|x64
		{F8FE2D95-AF30-4563-993A-C77A1762039E}.Debug|x64.Build.0 = Debug|x64
		{F8FE2D95-AF30-4563-993A-C77A1762039E}.Debug|x86.ActiveCfg = Debug|Win32
		{F8FE2D95-AF30-4563-993A-C77A1762039E}.Debug|x86.Build.0 = Debug|Win32
		{F8FE2D95-AF30-4563-993A-C77A1762039E}.Release|x64.ActiveCfg = Release|x64
		{F8FE2D95-AF30-4563-993A-C77A1762039E}.Release|x64.Build.0 = Release|x64
		{F8FE2D95-AF30-4563-993A-C77A1762039E}.Release|x86.ActiveCfg = Release|Win32
		{F8FE2D95-AF30-4563-993A-C77A1762039E}.Release|x86.Build.0 = Release|Win32
	EndGlobalSection
	GlobalSection(SolutionProperties) = preSolution
		HideSolutionNode = FALSE
	EndGlobalSection
	GlobalSection(ExtensibilityGlobals) = postSolution
		SolutionGuid = {F4FFB8EC-7110-4385-9246-6B8A19F7BA70}
	EndGlobalSection
EndGlobal
